{
  "version": 4,
  "terraform_version": "1.14.6",
  "serial": 28,
  "lineage": "55f737f6-b82e-55a5-14e8-edf647dff3c7",
  "outputs": {
    "deployment_summary": {
      "value": "========================================\nElectro-Shop Infrastructure Deployed!\n========================================\n    \nJenkins Master: 54.211.9.3\nURL: http://54.211.9.3:8080\n    \nDocker Agent: 44.200.62.84\n    \nSonarQube Server: 54.205.51.65\nURL: http://54.205.51.65:9000\n    \nSSH Key: Electro-Shop-Key.pem\n========================================\n",
      "type": "string"
    },
    "docker_agent_public_ip": {
      "value": "44.200.62.84",
      "type": "string"
    },
    "docker_agent_ssh_command": {
      "value": "ssh -i Electro-Shop-Key.pem ubuntu@44.200.62.84",
      "type": "string"
    },
    "jenkins_master_public_ip": {
      "value": "54.211.9.3",
      "type": "string"
    },
    "jenkins_master_ssh_command": {
      "value": "ssh -i Electro-Shop-Key.pem ubuntu@54.211.9.3",
      "type": "string"
    },
    "jenkins_master_url": {
      "value": "http://54.211.9.3:8080",
      "type": "string"
    },
    "sonarqube_server_public_ip": {
      "value": "54.205.51.65",
      "type": "string"
    },
    "sonarqube_server_ssh_command": {
      "value": "ssh -i Electro-Shop-Key.pem ubuntu@54.205.51.65",
      "type": "string"
    },
    "sonarqube_url": {
      "value": "http://54.205.51.65:9000",
      "type": "string"
    }
  },
  "resources": [
    {
      "mode": "managed",
      "type": "aws_instance",
      "name": "docker_agent",
      "provider": "provider[\"registry.terraform.io/hashicorp/aws\"]",
      "instances": [
        {
          "schema_version": 1,
          "attributes": {
            "ami": "ami-0b6c6ebed2801a5cb",
            "arn": "arn:aws:ec2:us-east-1:871469518158:instance/i-0d7f1043f44953e81",
            "associate_public_ip_address": true,
            "availability_zone": "us-east-1a",
            "capacity_reservation_specification": [
              {
                "capacity_reservation_preference": "open",
                "capacity_reservation_target": []
              }
            ],
            "cpu_core_count": 1,
            "cpu_options": [
              {
                "amd_sev_snp": "",
                "core_count": 1,
                "threads_per_core": 2
              }
            ],
            "cpu_threads_per_core": 2,
            "credit_specification": [
              {
                "cpu_credits": "unlimited"
              }
            ],
            "disable_api_stop": false,
            "disable_api_termination": false,
            "ebs_block_device": [],
            "ebs_optimized": false,
            "enable_primary_ipv6": null,
            "enclave_options": [
              {
                "enabled": false
              }
            ],
            "ephemeral_block_device": [],
            "get_password_data": false,
            "hibernation": false,
            "host_id": "",
            "host_resource_group_arn": null,
            "iam_instance_profile": "",
            "id": "i-0d7f1043f44953e81",
            "instance_initiated_shutdown_behavior": "stop",
            "instance_lifecycle": "",
            "instance_market_options": [],
            "instance_state": "running",
            "instance_type": "t3.micro",
            "ipv6_address_count": 0,
            "ipv6_addresses": [],
            "key_name": "Electro-Shop-Key",
            "launch_template": [],
            "maintenance_options": [
              {
                "auto_recovery": "default"
              }
            ],
            "metadata_options": [
              {
                "http_endpoint": "enabled",
                "http_protocol_ipv6": "disabled",
                "http_put_response_hop_limit": 2,
                "http_tokens": "required",
                "instance_metadata_tags": "disabled"
              }
            ],
            "monitoring": false,
            "network_interface": [],
            "outpost_arn": "",
            "password_data": "",
            "placement_group": "",
            "placement_partition_number": 0,
            "primary_network_interface_id": "eni-08e12ff240da16888",
            "private_dns": "ip-172-31-4-236.ec2.internal",
            "private_dns_name_options": [
              {
                "enable_resource_name_dns_a_record": false,
                "enable_resource_name_dns_aaaa_record": false,
                "hostname_type": "ip-name"
              }
            ],
            "private_ip": "172.31.4.236",
            "public_dns": "ec2-44-200-62-84.compute-1.amazonaws.com",
            "public_ip": "44.200.62.84",
            "root_block_device": [
              {
                "delete_on_termination": true,
                "device_name": "/dev/sda1",
                "encrypted": true,
                "iops": 3000,
                "kms_key_id": "arn:aws:kms:us-east-1:871469518158:key/b080a126-f793-40e9-8122-499013bab6fc",
                "tags": {
                  "Name": "Electro-shop-agent-root"
                },
                "tags_all": {
                  "Name": "Electro-shop-agent-root"
                },
                "throughput": 125,
                "volume_id": "vol-0f77fa4dd7e62bd4e",
                "volume_size": 20,
                "volume_type": "gp3"
              }
            ],
            "secondary_private_ips": [],
            "security_groups": [
              "Electro-Shop-Multi-Server-SG"
            ],
            "source_dest_check": true,
            "spot_instance_request_id": "",
            "subnet_id": "subnet-0c604a29a6240b497",
            "tags": {
              "Environment": "Production",
              "Name": "Electro-shop-agent",
              "Role": "Docker-Agent"
            },
            "tags_all": {
              "Environment": "Production",
              "Name": "Electro-shop-agent",
              "Role": "Docker-Agent"
            },
            "tenancy": "default",
            "timeouts": null,
            "user_data": "2964971c7717fd7eba78043237ee303ef24cb88e",
            "user_data_base64": null,
            "user_data_replace_on_change": false,
            "volume_tags": null,
            "vpc_security_group_ids": [
              "sg-0b196d1268ce381c2"
            ]
          },
          "sensitive_attributes": [],
          "identity_schema_version": 0,
          "private": "eyJlMmJmYjczMC1lY2FhLTExZTYtOGY4OC0zNDM2M2JjN2M0YzAiOnsiY3JlYXRlIjo2MDAwMDAwMDAwMDAsImRlbGV0ZSI6MTIwMDAwMDAwMDAwMCwicmVhZCI6OTAwMDAwMDAwMDAwLCJ1cGRhdGUiOjYwMDAwMDAwMDAwMH0sInNjaGVtYV92ZXJzaW9uIjoiMSJ9",
          "dependencies": [
            "aws_key_pair.generated_key",
            "aws_security_group.infra_allow_port_sg",
            "tls_private_key.ec2_key"
          ]
        }
      ]
    },
    {
      "mode": "managed",
      "type": "aws_instance",
      "name": "jenkins_master",
      "provider": "provider[\"registry.terraform.io/hashicorp/aws\"]",
      "instances": [
        {
          "schema_version": 1,
          "attributes": {
            "ami": "ami-0b6c6ebed2801a5cb",
            "arn": "arn:aws:ec2:us-east-1:871469518158:instance/i-0dab4728dd89482e6",
            "associate_public_ip_address": true,
            "availability_zone": "us-east-1b",
            "capacity_reservation_specification": [
              {
                "capacity_reservation_preference": "open",
                "capacity_reservation_target": []
              }
            ],
            "cpu_core_count": 1,
            "cpu_options": [
              {
                "amd_sev_snp": "",
                "core_count": 1,
                "threads_per_core": 2
              }
            ],
            "cpu_threads_per_core": 2,
            "credit_specification": [],
            "disable_api_stop": false,
            "disable_api_termination": false,
            "ebs_block_device": [],
            "ebs_optimized": false,
            "enable_primary_ipv6": null,
            "enclave_options": [
              {
                "enabled": false
              }
            ],
            "ephemeral_block_device": [],
            "get_password_data": false,
            "hibernation": false,
            "host_id": "",
            "host_resource_group_arn": null,
            "iam_instance_profile": "",
            "id": "i-0dab4728dd89482e6",
            "instance_initiated_shutdown_behavior": "stop",
            "instance_lifecycle": "",
            "instance_market_options": [],
            "instance_state": "running",
            "instance_type": "c7i-flex.large",
            "ipv6_address_count": 0,
            "ipv6_addresses": [],
            "key_name": "Electro-Shop-Key",
            "launch_template": [],
            "maintenance_options": [
              {
                "auto_recovery": "default"
              }
            ],
            "metadata_options": [
              {
                "http_endpoint": "enabled",
                "http_protocol_ipv6": "disabled",
                "http_put_response_hop_limit": 2,
                "http_tokens": "required",
                "instance_metadata_tags": "disabled"
              }
            ],
            "monitoring": false,
            "network_interface": [],
            "outpost_arn": "",
            "password_data": "",
            "placement_group": "",
            "placement_partition_number": 0,
            "primary_network_interface_id": "eni-0c64b9cb05a496aa2",
            "private_dns": "ip-172-31-89-13.ec2.internal",
            "private_dns_name_options": [
              {
                "enable_resource_name_dns_a_record": false,
                "enable_resource_name_dns_aaaa_record": false,
                "hostname_type": "ip-name"
              }
            ],
            "private_ip": "172.31.89.13",
            "public_dns": "ec2-54-211-9-3.compute-1.amazonaws.com",
            "public_ip": "54.211.9.3",
            "root_block_device": [
              {
                "delete_on_termination": true,
                "device_name": "/dev/sda1",
                "encrypted": true,
                "iops": 3000,
                "kms_key_id": "arn:aws:kms:us-east-1:871469518158:key/b080a126-f793-40e9-8122-499013bab6fc",
                "tags": {
                  "Name": "Electro-shop-master-root"
                },
                "tags_all": {
                  "Name": "Electro-shop-master-root"
                },
                "throughput": 125,
                "volume_id": "vol-0c9e7c7fe24376318",
                "volume_size": 20,
                "volume_type": "gp3"
              }
            ],
            "secondary_private_ips": [],
            "security_groups": [
              "Electro-Shop-Multi-Server-SG"
            ],
            "source_dest_check": true,
            "spot_instance_request_id": "",
            "subnet_id": "subnet-04edac7dfc3a2a5ac",
            "tags": {
              "Environment": "Production",
              "Name": "Electro-shop-master",
              "Role": "Jenkins-Master"
            },
            "tags_all": {
              "Environment": "Production",
              "Name": "Electro-shop-master",
              "Role": "Jenkins-Master"
            },
            "tenancy": "default",
            "timeouts": null,
            "user_data": "f96499066c7601d6875bba23ed2c1de94a90a1ca",
            "user_data_base64": null,
            "user_data_replace_on_change": false,
            "volume_tags": null,
            "vpc_security_group_ids": [
              "sg-0b196d1268ce381c2"
            ]
          },
          "sensitive_attributes": [],
          "identity_schema_version": 0,
          "private": "eyJlMmJmYjczMC1lY2FhLTExZTYtOGY4OC0zNDM2M2JjN2M0YzAiOnsiY3JlYXRlIjo2MDAwMDAwMDAwMDAsImRlbGV0ZSI6MTIwMDAwMDAwMDAwMCwicmVhZCI6OTAwMDAwMDAwMDAwLCJ1cGRhdGUiOjYwMDAwMDAwMDAwMH0sInNjaGVtYV92ZXJzaW9uIjoiMSJ9",
          "dependencies": [
            "aws_key_pair.generated_key",
            "aws_security_group.infra_allow_port_sg",
            "tls_private_key.ec2_key"
          ]
        }
      ]
    },
    {
      "mode": "managed",
      "type": "aws_instance",
      "name": "sonarqube_server",
      "provider": "provider[\"registry.terraform.io/hashicorp/aws\"]",
      "instances": [
        {
          "schema_version": 1,
          "attributes": {
            "ami": "ami-0b6c6ebed2801a5cb",
            "arn": "arn:aws:ec2:us-east-1:871469518158:instance/i-0033b220c2de12863",
            "associate_public_ip_address": true,
            "availability_zone": "us-east-1b",
            "capacity_reservation_specification": [
              {
                "capacity_reservation_preference": "open",
                "capacity_reservation_target": []
              }
            ],
            "cpu_core_count": 1,
            "cpu_options": [
              {
                "amd_sev_snp": "",
                "core_count": 1,
                "threads_per_core": 2
              }
            ],
            "cpu_threads_per_core": 2,
            "credit_specification": [],
            "disable_api_stop": false,
            "disable_api_termination": false,
            "ebs_block_device": [],
            "ebs_optimized": false,
            "enable_primary_ipv6": null,
            "enclave_options": [
              {
                "enabled": false
              }
            ],
            "ephemeral_block_device": [],
            "get_password_data": false,
            "hibernation": false,
            "host_id": "",
            "host_resource_group_arn": null,
            "iam_instance_profile": "",
            "id": "i-0033b220c2de12863",
            "instance_initiated_shutdown_behavior": "stop",
            "instance_lifecycle": "",
            "instance_market_options": [],
            "instance_state": "running",
            "instance_type": "m7i-flex.large",
            "ipv6_address_count": 0,
            "ipv6_addresses": [],
            "key_name": "Electro-Shop-Key",
            "launch_template": [],
            "maintenance_options": [
              {
                "auto_recovery": "default"
              }
            ],
            "metadata_options": [
              {
                "http_endpoint": "enabled",
                "http_protocol_ipv6": "disabled",
                "http_put_response_hop_limit": 2,
                "http_tokens": "required",
                "instance_metadata_tags": "disabled"
              }
            ],
            "monitoring": false,
            "network_interface": [],
            "outpost_arn": "",
            "password_data": "",
            "placement_group": "",
            "placement_partition_number": 0,
            "primary_network_interface_id": "eni-0251bcf634a1bc6fe",
            "private_dns": "ip-172-31-88-61.ec2.internal",
            "private_dns_name_options": [
              {
                "enable_resource_name_dns_a_record": false,
                "enable_resource_name_dns_aaaa_record": false,
                "hostname_type": "ip-name"
              }
            ],
            "private_ip": "172.31.88.61",
            "public_dns": "ec2-54-205-51-65.compute-1.amazonaws.com",
            "public_ip": "54.205.51.65",
            "root_block_device": [
              {
                "delete_on_termination": true,
                "device_name": "/dev/sda1",
                "encrypted": true,
                "iops": 3000,
                "kms_key_id": "arn:aws:kms:us-east-1:871469518158:key/b080a126-f793-40e9-8122-499013bab6fc",
                "tags": {
                  "Name": "Electro-shop-sonar-root"
                },
                "tags_all": {
                  "Name": "Electro-shop-sonar-root"
                },
                "throughput": 125,
                "volume_id": "vol-0fc4aa3cdb7a0eb11",
                "volume_size": 30,
                "volume_type": "gp3"
              }
            ],
            "secondary_private_ips": [],
            "security_groups": [
              "Electro-Shop-Multi-Server-SG"
            ],
            "source_dest_check": true,
            "spot_instance_request_id": "",
            "subnet_id": "subnet-04edac7dfc3a2a5ac",
            "tags": {
              "Environment": "Production",
              "Name": "Electro-shop-sonar-server",
              "Role": "SonarQube"
            },
            "tags_all": {
              "Environment": "Production",
              "Name": "Electro-shop-sonar-server",
              "Role": "SonarQube"
            },
            "tenancy": "default",
            "timeouts": null,
            "user_data": "df9c10b3d2d02f9a94569cbe37c6859a2b82d714",
            "user_data_base64": null,
            "user_data_replace_on_change": false,
            "volume_tags": null,
            "vpc_security_group_ids": [
              "sg-0b196d1268ce381c2"
            ]
          },
          "sensitive_attributes": [],
          "identity_schema_version": 0,
          "private": "eyJlMmJmYjczMC1lY2FhLTExZTYtOGY4OC0zNDM2M2JjN2M0YzAiOnsiY3JlYXRlIjo2MDAwMDAwMDAwMDAsImRlbGV0ZSI6MTIwMDAwMDAwMDAwMCwicmVhZCI6OTAwMDAwMDAwMDAwLCJ1cGRhdGUiOjYwMDAwMDAwMDAwMH0sInNjaGVtYV92ZXJzaW9uIjoiMSJ9",
          "dependencies": [
            "aws_key_pair.generated_key",
            "aws_security_group.infra_allow_port_sg",
            "tls_private_key.ec2_key"
          ]
        }
      ]
    },
    {
      "mode": "managed",
      "type": "aws_key_pair",
      "name": "generated_key",
      "provider": "provider[\"registry.terraform.io/hashicorp/aws\"]",
      "instances": [
        {
          "schema_version": 1,
          "attributes": {
            "arn": "arn:aws:ec2:us-east-1:871469518158:key-pair/Electro-Shop-Key",
            "fingerprint": "68:5b:64:45:1d:3e:3b:d9:eb:8a:e8:26:54:8e:53:c3",
            "id": "Electro-Shop-Key",
            "key_name": "Electro-Shop-Key",
            "key_name_prefix": "",
            "key_pair_id": "key-08e58cdcd25dca66f",
            "key_type": "rsa",
            "public_key": "ssh-rsa AAAAB3NzaC1yc2EAAAADAQABAAACAQC5JC6GpuZ7V6WyV7JMlymOS9MWlziyWJQXG4NnqdN6duNNvNlHkK87GiDrgqgTHSomRNFqtSgVvwEMzH1ctUkVeQqIVOjlea5b1+1hIq3a6tax9+DD72cHtwK3hnJJTBQRjA1Et+cELIRjSL2+0KL1H3QjaRVrx8n7M7FZJghWlw7CI6+77Nx49q/J82E+8vqSvcd838PMplh52gd94DgLlzRUsMHeOdyRd0h+bENKS8U3maz+/MdJN5RyPaYGJPQJlM9BVBqr0sqrV+cH16hNAoxZGYsOfjzjzVuimEsYOu4xUshrcl2yQytL7l8xseCpmm2riU4jF+jzKCVn5/9kFY6/TpQbkT5I2KQgFNqvKnY6cfgT2CrubK09Inj8IBljb/kBjAFQ0CJ+/Vxd66RRFca7XsQRwaO+j9FDCWHpQTRRe2S+HdwMWc8FcsEFpzUciLyten/sQbXhU+xUtQgPapBLcgKdkT0WniYUeRH3+EvAdnjx/puz1mXjyDbVF7waeqFfgQ9hwCLA4MCPFrVd4y3TiWslCml4sBNZEgtBoecFUz49PeKoz3ggYZYvBiZtdNc0pePYN4K5uv1KDiMZty3uZe/cRKDZdiGfwXHyscOJOfe1fx5SHjTiuvn1ItpMerpyutU0NwqAeK2v7bRu/GjLIXAYFRezEaK8frBLdw==",
            "tags": null,
            "tags_all": {}
          },
          "sensitive_attributes": [],
          "identity_schema_version": 0,
          "private": "eyJzY2hlbWFfdmVyc2lvbiI6IjEifQ==",
          "dependencies": [
            "tls_private_key.ec2_key"
          ]
        }
      ]
    },
    {
      "mode": "managed",
      "type": "aws_security_group",
      "name": "infra_allow_port_sg",
      "provider": "provider[\"registry.terraform.io/hashicorp/aws\"]",
      "instances": [
        {
          "schema_version": 1,
          "attributes": {
            "arn": "arn:aws:ec2:us-east-1:871469518158:security-group/sg-0b196d1268ce381c2",
            "description": "Allow inbound traffic for Jenkins, Docker, and SonarQube",
            "egress": [
              {
                "cidr_blocks": [
                  "0.0.0.0/0"
                ],
                "description": "",
                "from_port": 0,
                "ipv6_cidr_blocks": [],
                "prefix_list_ids": [],
                "protocol": "-1",
                "security_groups": [],
                "self": false,
                "to_port": 0
              }
            ],
            "id": "sg-0b196d1268ce381c2",
            "ingress": [
              {
                "cidr_blocks": [
                  "0.0.0.0/0"
                ],
                "description": "inbound rules",
                "from_port": 22,
                "ipv6_cidr_blocks": [],
                "prefix_list_ids": [],
                "protocol": "tcp",
                "security_groups": [],
                "self": false,
                "to_port": 22
              },
              {
                "cidr_blocks": [
                  "0.0.0.0/0"
                ],
                "description": "inbound rules",
                "from_port": 2375,
                "ipv6_cidr_blocks": [],
                "prefix_list_ids": [],
                "protocol": "tcp",
                "security_groups": [],
                "self": false,
                "to_port": 2375
              },
              {
                "cidr_blocks": [
                  "0.0.0.0/0"
                ],
                "description": "inbound rules",
                "from_port": 2376,
                "ipv6_cidr_blocks": [],
                "prefix_list_ids": [],
                "protocol": "tcp",
                "security_groups": [],
                "self": false,
                "to_port": 2376
              },
              {
                "cidr_blocks": [
                  "0.0.0.0/0"
                ],
                "description": "inbound rules",
                "from_port": 443,
                "ipv6_cidr_blocks": [],
                "prefix_list_ids": [],
                "protocol": "tcp",
                "security_groups": [],
                "self": false,
                "to_port": 443
              },
              {
                "cidr_blocks": [
                  "0.0.0.0/0"
                ],
                "description": "inbound rules",
                "from_port": 5432,
                "ipv6_cidr_blocks": [],
                "prefix_list_ids": [],
                "protocol": "tcp",
                "security_groups": [],
                "self": false,
                "to_port": 5432
              },
              {
                "cidr_blocks": [
                  "0.0.0.0/0"
                ],
                "description": "inbound rules",
                "from_port": 8080,
                "ipv6_cidr_blocks": [],
                "prefix_list_ids": [],
                "protocol": "tcp",
                "security_groups": [],
                "self": false,
                "to_port": 8080
              },
              {
                "cidr_blocks": [
                  "0.0.0.0/0"
                ],
                "description": "inbound rules",
                "from_port": 80,
                "ipv6_cidr_blocks": [],
                "prefix_list_ids": [],
                "protocol": "tcp",
                "security_groups": [],
                "self": false,
                "to_port": 80
              },
              {
                "cidr_blocks": [
                  "0.0.0.0/0"
                ],
                "description": "inbound rules",
                "from_port": 9000,
                "ipv6_cidr_blocks": [],
                "prefix_list_ids": [],
                "protocol": "tcp",
                "security_groups": [],
                "self": false,
                "to_port": 9000
              }
            ],
            "name": "Electro-Shop-Multi-Server-SG",
            "name_prefix": "",
            "owner_id": "871469518158",
            "revoke_rules_on_delete": false,
            "tags": {
              "Environment": "Production",
              "Name": "Electro-Shop-Multi-Server-SG"
            },
            "tags_all": {
              "Environment": "Production",
              "Name": "Electro-Shop-Multi-Server-SG"
            },
            "timeouts": null,
            "vpc_id": "vpc-0392d7581615b629f"
          },
          "sensitive_attributes": [],
          "identity_schema_version": 0,
          "private": "eyJlMmJmYjczMC1lY2FhLTExZTYtOGY4OC0zNDM2M2JjN2M0YzAiOnsiY3JlYXRlIjo2MDAwMDAwMDAwMDAsImRlbGV0ZSI6OTAwMDAwMDAwMDAwfSwic2NoZW1hX3ZlcnNpb24iOiIxIn0="
        }
      ]
    },
    {
      "mode": "managed",
      "type": "local_file",
      "name": "private_key",
      "provider": "provider[\"registry.terraform.io/hashicorp/local\"]",
      "instances": [
        {
          "schema_version": 0,
          "attributes": {
            "content": "-----BEGIN RSA PRIVATE KEY-----\nMIIJJwIBAAKCAgEAuSQuhqbme1elsleyTJcpjkvTFpc4sliUFxuDZ6nTenbjTbzZ\nR5CvOxog64KoEx0qJkTRarUoFb8BDMx9XLVJFXkKiFTo5XmuW9ftYSKt2urWsffg\nw+9nB7cCt4ZySUwUEYwNRLfnBCyEY0i9vtCi9R90I2kVa8fJ+zOxWSYIVpcOwiOv\nu+zcePavyfNhPvL6kr3HfN/DzKZYedoHfeA4C5c0VLDB3jnckXdIfmxDSkvFN5ms\n/vzHSTeUcj2mBiT0CZTPQVQaq9LKq1fnB9eoTQKMWRmLDn48481bophLGDruMVLI\na3JdskMrS+5fMbHgqZptq4lOIxfo8yglZ+f/ZBWOv06UG5E+SNikIBTaryp2OnH4\nE9gq7mytPSJ4/CAZY2/5AYwBUNAifv1cXeukURXGu17EEcGjvo/RQwlh6UE0UXtk\nvh3cDFnPBXLBBac1HIi8rXp/7EG14VPsVLUID2qQS3ICnZE9Fp4mFHkR9/hLwHZ4\n8f6bs9Zl48g21Re8GnqhX4EPYcAiwODAjxa1XeMt04lrJQppeLATWRILQaHnBVM+\nPT3iqM94IGGWLwYmbXTXNKXj2DeCubr9Sg4jGbct7mXv3ESg2XYhn8Fx8rHDiTn3\ntX8eUh404rr59SLaTHq6crrVNDcKgHitr+20bvxoyyFwGBUXsxGivH6wS3cCAwEA\nAQKCAgAXngzMrYQaTjXQwyIiEL3C2AZZ9o7LesQ4EbuYtjpy1VwCrH61Lo5D8P3W\nZ95D7e+qCROufo8vUvnHJbDaP4qj/BhYCCjbg8MLwUbtTLdhL/LqVKTDVIn6myHJ\nbT5X/lCoZQrDmN1rPriL/RlYuumxcO089SiVOAZv499m8BSWjdeFSXh0oG8G2UUs\ncxO/1s7DIwV3IbOrAA9U9UyzsINwaxNIYxygBME6fJJur3stV5lqvHur3W1t+B1D\ng3y8gkCalkqSsAVk+iioueJlXDaCeGWUmiRkhBMFZkrJujleImpZ4rsMBdSmVa4z\na07mb8/+eA4vGH6zYwHwPs9Naslnxaq1votpcr/atBFfw94rzoq9DEzQEp8ktHJG\noBFe43wX3KfEgfegLQXX3wYV4Pn9Ix4ZFzozf+aJydJkyeDfB3I+mI2gT8lzNxld\nybOMZ3/H6wZ+sEYY3/JMT0UaLS393MpkTzNZLcmLTnUAQpylAwS71kqgqdCXh0/y\nBC1dGAYUTEs9uQbyynUmoGraUqXZVCZcIYTeiFvtFuIrtgVPN9s3oMF7Kb2exaW9\ntH7/XgS1xGcPLftJAI1EujxCU412blh1D8cfQahVHGJpfP310yhov3WMGvdVMGD5\nObIOaJCtK+xNhbdUxwamy4z5fIMkqPW2ngameCm3p9DR0STclQKCAQEAw22N3Aw8\nFqpf6DMQRx426CqqkllpukvGoSmFYe2/wVo457CrDQfmzjB7OS0M57l9XKKF+hla\n3dkL3itxngzhL3wlwnkkNqJvoBTLMN0jGeEKtNAbfiuifDJSmpcVBWLe8VW9MG6L\nUO12jg/ZhzRCp/sq5QTMLcUYPQpkVffcrvlqsiLhI5aB6sXinMlQV6lJPJnIRQRi\nvyvDiEhceX+uMqfW8hn54XeQfTSvIiKMZO7fAf4CPi6XkFleN5uflqSy1Za4QXgC\n62tPs80acEFCMy8SYykJ8nwn6cUbwJGJUeWR4YmK0knzHJi7F5Zt+Pa+ah0KWzIR\nzb1jx+tdrCQxAwKCAQEA8oZs1G183N5JH5iigituZw4FO+Q0Wpj3X+v2BojJlcoN\nOFYaMK51b17PiRECZeebuo2TVbb0ve6wDKoM9ZfUb9n3Hvgzb7zItN8YFkEsyC/w\nXVSAwL3Qrtf6XHdSYxy1Xzp9y1l15Ool7eoFiFJ1cVUa9uStebZt9Kfp5yWXm7Q/\nv5uMNo1e6PekOcOvxmLOaQyNEJcJgIijyJvJOP2ScxjMN+GOkMMVz/leXhuT0Zdj\nN8zlEH04kuw36R3NR2OOwESOlc1zOP9v7F4WuH+HowRweU+mjCU5jMTv8cTmUtlu\n0U43pAxii9ZvI1reWaEhR9QblcP5DlXJ1XKV6AcffQKCAQBORe3gqcHTbi/1p6Yo\nZfCl8pjY/xj6tej7mc7Dl18LSWCrY7ZPBNAr230vPF0D3uZYGPxCXK9pVcqMFKhw\nHkZ/J2FUUALyIwNEga+Uha3OarVIEGZClaWBywIMyuBvhNc4oBejc1M3ebTXV3/P\nyF2+PDpE+jPxTRTVNflT+W+ZYWqbqJ62C01DxDhshbE5OyOLMyjkg8otOZEaX6ky\nPLJ/tXvBAih0ZtgnXdebe2zx7D7D5IHvd+fauAClkx5LTvIV3EU2a6P3uMZ2hHrH\nZUvnhj3+G2zRg2rVFc50xZXTiHhydg11Botp875TxzuK0QEZLUJ9nkNFPUrewuWE\n0gYTAoIBAA2DuCTORRr5uBFuq/+c8/YCLgB8Yv55b6+Esp0CmlkifUIaajM0RY8D\nNYVp0Txkf6URppgsLc83sc/C2h4Fa+0ftEmhgxxC5NxPYkQ7NYeiRD6vKs2SxkI3\n/teQPqMPQnwgAkqGna837Q0o8U37alf6aho/+/rAU7hCcyJSUfR3QuYmgNW5YwSQ\naDJf2Tew4dewv1uhTwI+mwHezIPEfZi0VQz4IL2oYVrJhpyv5LjVOs4tOMaGc9Sc\nHTF8W6gSwC2upFNss3MFqPL++z0kviYzZSEdcyZ0HJTflI9gbYVIYIiBV1Bo8ETi\nmibaNXHBLN2X0EG0PfiyhyDB1eCsJPECggEAHiHh6nU5oNwhMkA60Ku8vW0wDeyB\nrIm13BqIE6Kv73vpGNnep3IRqIPLiWvCtmfPO8VyXY2CNLPoOPqA78kG5VcyqvVm\n6w91W92d4dGZ+wxilGfNmGovB8jjIUV7IHb9DF0r5HEum7ZsWXhPOTohOVAlzI5A\nj3ZiCsfL0/CxBiNjZmLg0IpLS2vsQBY4ARiTnFEqYAcQcZ7elZJK5e+sz8kVPDIy\nxx/HdpRTtuCXkLGpfUfRZTbYPZ/l3o2+AAewAkZE8U/msiqXxTZDtowCKQNPMVR2\nvw17DYdyMQzS6MW++MGM53Xs3XPt+9DtoDgNtb51xDoB5sdhhTJcd7qPSQ==\n-----END RSA PRIVATE KEY-----\n",
            "content_base64": null,
            "content_base64sha256": "9RZnxaZee0yRWsPctBtJC11bLtQ0tW0/Jo+UVRjX4a8=",
            "content_base64sha512": "u3id2iQUOnmUmkN1mkoannYYQmKwopewiSUE45w/23scnmPqnwR2hzHOY9Y8bKelDUXJJpM0F2vph4RLTAt6iA==",
            "content_md5": "19dafbdb6a78a6fa72b66877071c30b8",
            "content_sha1": "d8234ec2274429f9b5e6599d413c6b91e4bf6854",
            "content_sha256": "f51667c5a65e7b4c915ac3dcb41b490b5d5b2ed434b56d3f268f945518d7e1af",
            "content_sha512": "bb789dda24143a79949a43759a4a1a9e76184262b0a297b0892504e39c3fdb7b1c9e63ea9f04768731ce63d63c6ca7a50d45c9269334176be987844b4c0b7a88",
            "directory_permission": "0777",
            "file_permission": "0400",
            "filename": "./Electro-Shop-Key.pem",
            "id": "d8234ec2274429f9b5e6599d413c6b91e4bf6854",
            "sensitive_content": null,
            "source": null
          },
          "sensitive_attributes": [
            [
              {
                "type": "get_attr",
                "value": "content"
              }
            ],
            [
              {
                "type": "get_attr",
                "value": "sensitive_content"
              }
            ]
          ],
          "identity_schema_version": 0,
          "dependencies": [
            "tls_private_key.ec2_key"
          ]
        }
      ]
    },
    {
      "mode": "managed",
      "type": "tls_private_key",
      "name": "ec2_key",
      "provider": "provider[\"registry.terraform.io/hashicorp/tls\"]",
      "instances": [
        {
          "schema_version": 1,
          "attributes": {
            "algorithm": "RSA",
            "ecdsa_curve": "P224",
            "id": "dafb8762251b78254b87097929f2d56cd74665dd",
            "private_key_openssh": "-----BEGIN OPENSSH PRIVATE KEY-----\nb3BlbnNzaC1rZXktdjEAAAAABG5vbmUAAAAEbm9uZQAAAAAAAAABAAACFwAAAAdz\nc2gtcnNhAAAAAwEAAQAAAgEAuSQuhqbme1elsleyTJcpjkvTFpc4sliUFxuDZ6nT\nenbjTbzZR5CvOxog64KoEx0qJkTRarUoFb8BDMx9XLVJFXkKiFTo5XmuW9ftYSKt\n2urWsffgw+9nB7cCt4ZySUwUEYwNRLfnBCyEY0i9vtCi9R90I2kVa8fJ+zOxWSYI\nVpcOwiOvu+zcePavyfNhPvL6kr3HfN/DzKZYedoHfeA4C5c0VLDB3jnckXdIfmxD\nSkvFN5ms/vzHSTeUcj2mBiT0CZTPQVQaq9LKq1fnB9eoTQKMWRmLDn48481bophL\nGDruMVLIa3JdskMrS+5fMbHgqZptq4lOIxfo8yglZ+f/ZBWOv06UG5E+SNikIBTa\nryp2OnH4E9gq7mytPSJ4/CAZY2/5AYwBUNAifv1cXeukURXGu17EEcGjvo/RQwlh\n6UE0UXtkvh3cDFnPBXLBBac1HIi8rXp/7EG14VPsVLUID2qQS3ICnZE9Fp4mFHkR\n9/hLwHZ48f6bs9Zl48g21Re8GnqhX4EPYcAiwODAjxa1XeMt04lrJQppeLATWRIL\nQaHnBVM+PT3iqM94IGGWLwYmbXTXNKXj2DeCubr9Sg4jGbct7mXv3ESg2XYhn8Fx\n8rHDiTn3tX8eUh404rr59SLaTHq6crrVNDcKgHitr+20bvxoyyFwGBUXsxGivH6w\nS3cAAAc46CFd6eghXekAAAAHc3NoLXJzYQAAAgEAuSQuhqbme1elsleyTJcpjkvT\nFpc4sliUFxuDZ6nTenbjTbzZR5CvOxog64KoEx0qJkTRarUoFb8BDMx9XLVJFXkK\niFTo5XmuW9ftYSKt2urWsffgw+9nB7cCt4ZySUwUEYwNRLfnBCyEY0i9vtCi9R90\nI2kVa8fJ+zOxWSYIVpcOwiOvu+zcePavyfNhPvL6kr3HfN/DzKZYedoHfeA4C5c0\nVLDB3jnckXdIfmxDSkvFN5ms/vzHSTeUcj2mBiT0CZTPQVQaq9LKq1fnB9eoTQKM\nWRmLDn48481bophLGDruMVLIa3JdskMrS+5fMbHgqZptq4lOIxfo8yglZ+f/ZBWO\nv06UG5E+SNikIBTaryp2OnH4E9gq7mytPSJ4/CAZY2/5AYwBUNAifv1cXeukURXG\nu17EEcGjvo/RQwlh6UE0UXtkvh3cDFnPBXLBBac1HIi8rXp/7EG14VPsVLUID2qQ\nS3ICnZE9Fp4mFHkR9/hLwHZ48f6bs9Zl48g21Re8GnqhX4EPYcAiwODAjxa1XeMt\n04lrJQppeLATWRILQaHnBVM+PT3iqM94IGGWLwYmbXTXNKXj2DeCubr9Sg4jGbct\n7mXv3ESg2XYhn8Fx8rHDiTn3tX8eUh404rr59SLaTHq6crrVNDcKgHitr+20bvxo\nyyFwGBUXsxGivH6wS3cAAAADAQABAAACABeeDMythBpONdDDIiIQvcLYBln2jst6\nxDgRu5i2OnLVXAKsfrUujkPw/dZn3kPt76oJE65+jy9S+cclsNo/iqP8GFgIKNuD\nwwvBRu1Mt2Ev8upUpMNUifqbIcltPlf+UKhlCsOY3Ws+uIv9GVi66bFw7Tz1KJU4\nBm/j32bwFJaN14VJeHSgbwbZRSxzE7/WzsMjBXchs6sAD1T1TLOwg3BrE0hjHKAE\nwTp8km6vey1XmWq8e6vdbW34HUODfLyCQJqWSpKwBWT6KKi54mVcNoJ4ZZSaJGSE\nEwVmSsm6OV4ialniuwwF1KZVrjNrTuZvz/54Di8YfrNjAfA+z01qyWfFqrW+i2ly\nv9q0EV/D3ivOir0MTNASnyS0ckagEV7jfBfcp8SB96AtBdffBhXg+f0jHhkXOjN/\n5onJ0mTJ4N8Hcj6YjaBPyXM3GV3Js4xnf8frBn6wRhjf8kxPRRotLf3cymRPM1kt\nyYtOdQBCnKUDBLvWSqCp0JeHT/IELV0YBhRMSz25BvLKdSagatpSpdlUJlwhhN6I\nW+0W4iu2BU832zegwXspvZ7Fpb20fv9eBLXEZw8t+0kAjUS6PEJTjXZuWHUPxx9B\nqFUcYml8/fXTKGi/dYwa91UwYPk5sg5okK0r7E2Ft1THBqbLjPl8gySo9baeBqZ4\nKben0NHRJNyVAAABAB4h4ep1OaDcITJAOtCrvL1tMA3sgayJtdwaiBOir+976RjZ\n3qdyEaiDy4lrwrZnzzvFcl2NgjSz6Dj6gO/JBuVXMqr1ZusPdVvdneHRmfsMYpRn\nzZhqLwfI4yFFeyB2/QxdK+RxLpu2bFl4Tzk6ITlQJcyOQI92YgrHy9PwsQYjY2Zi\n4NCKS0tr7EAWOAEYk5xRKmAHEHGe3pWSSuXvrM/JFTwyMscfx3aUU7bgl5CxqX1H\n0WU22D2f5d6NvgAHsAJGRPFP5rIql8U2Q7aMAikDTzFUdr8New2HcjEM0ujFvvjB\njOd17N1z7fvQ7aA4DbW+dcQ6AebHYYUyXHe6j0kAAAEBAMNtjdwMPBaqX+gzEEce\nNugqqpJZabpLxqEphWHtv8FaOOewqw0H5s4wezktDOe5fVyihfoZWt3ZC94rcZ4M\n4S98JcJ5JDaib6AUyzDdIxnhCrTQG34ronwyUpqXFQVi3vFVvTBui1Dtdo4P2Yc0\nQqf7KuUEzC3FGD0KZFX33K75arIi4SOWgerF4pzJUFepSTyZyEUEYr8rw4hIXHl/\nrjKn1vIZ+eF3kH00ryIijGTu3wH+Aj4ul5BZXjebn5akstWWuEF4AutrT7PNGnBB\nQjMvEmMpCfJ8J+nFG8CRiVHlkeGJitJJ8xyYuxeWbfj2vmodClsyEc29Y8frXawk\nMQMAAAEBAPKGbNRtfNzeSR+YooIrbmcOBTvkNFqY91/r9gaIyZXKDThWGjCudW9e\nz4kRAmXnm7qNk1W29L3usAyqDPWX1G/Z9x74M2+8yLTfGBZBLMgv8F1UgMC90K7X\n+lx3UmMctV86fctZdeTqJe3qBYhSdXFVGvbkrXm2bfSn6ecll5u0P7+bjDaNXuj3\npDnDr8ZizmkMjRCXCYCIo8ibyTj9knMYzDfhjpDDFc/5Xl4bk9GXYzfM5RB9OJLs\nN+kdzUdjjsBEjpXNczj/b+xeFrh/h6MEcHlPpowlOYzE7/HE5lLZbtFON6QMYovW\nbyNa3lmhIUfUG5XD+Q5VydVylegHH30AAAAAAQID\n-----END OPENSSH PRIVATE KEY-----\n",
            "private_key_pem": "-----BEGIN RSA PRIVATE KEY-----\nMIIJJwIBAAKCAgEAuSQuhqbme1elsleyTJcpjkvTFpc4sliUFxuDZ6nTenbjTbzZ\nR5CvOxog64KoEx0qJkTRarUoFb8BDMx9XLVJFXkKiFTo5XmuW9ftYSKt2urWsffg\nw+9nB7cCt4ZySUwUEYwNRLfnBCyEY0i9vtCi9R90I2kVa8fJ+zOxWSYIVpcOwiOv\nu+zcePavyfNhPvL6kr3HfN/DzKZYedoHfeA4C5c0VLDB3jnckXdIfmxDSkvFN5ms\n/vzHSTeUcj2mBiT0CZTPQVQaq9LKq1fnB9eoTQKMWRmLDn48481bophLGDruMVLI\na3JdskMrS+5fMbHgqZptq4lOIxfo8yglZ+f/ZBWOv06UG5E+SNikIBTaryp2OnH4\nE9gq7mytPSJ4/CAZY2/5AYwBUNAifv1cXeukURXGu17EEcGjvo/RQwlh6UE0UXtk\nvh3cDFnPBXLBBac1HIi8rXp/7EG14VPsVLUID2qQS3ICnZE9Fp4mFHkR9/hLwHZ4\n8f6bs9Zl48g21Re8GnqhX4EPYcAiwODAjxa1XeMt04lrJQppeLATWRILQaHnBVM+\nPT3iqM94IGGWLwYmbXTXNKXj2DeCubr9Sg4jGbct7mXv3ESg2XYhn8Fx8rHDiTn3\ntX8eUh404rr59SLaTHq6crrVNDcKgHitr+20bvxoyyFwGBUXsxGivH6wS3cCAwEA\nAQKCAgAXngzMrYQaTjXQwyIiEL3C2AZZ9o7LesQ4EbuYtjpy1VwCrH61Lo5D8P3W\nZ95D7e+qCROufo8vUvnHJbDaP4qj/BhYCCjbg8MLwUbtTLdhL/LqVKTDVIn6myHJ\nbT5X/lCoZQrDmN1rPriL/RlYuumxcO089SiVOAZv499m8BSWjdeFSXh0oG8G2UUs\ncxO/1s7DIwV3IbOrAA9U9UyzsINwaxNIYxygBME6fJJur3stV5lqvHur3W1t+B1D\ng3y8gkCalkqSsAVk+iioueJlXDaCeGWUmiRkhBMFZkrJujleImpZ4rsMBdSmVa4z\na07mb8/+eA4vGH6zYwHwPs9Naslnxaq1votpcr/atBFfw94rzoq9DEzQEp8ktHJG\noBFe43wX3KfEgfegLQXX3wYV4Pn9Ix4ZFzozf+aJydJkyeDfB3I+mI2gT8lzNxld\nybOMZ3/H6wZ+sEYY3/JMT0UaLS393MpkTzNZLcmLTnUAQpylAwS71kqgqdCXh0/y\nBC1dGAYUTEs9uQbyynUmoGraUqXZVCZcIYTeiFvtFuIrtgVPN9s3oMF7Kb2exaW9\ntH7/XgS1xGcPLftJAI1EujxCU412blh1D8cfQahVHGJpfP310yhov3WMGvdVMGD5\nObIOaJCtK+xNhbdUxwamy4z5fIMkqPW2ngameCm3p9DR0STclQKCAQEAw22N3Aw8\nFqpf6DMQRx426CqqkllpukvGoSmFYe2/wVo457CrDQfmzjB7OS0M57l9XKKF+hla\n3dkL3itxngzhL3wlwnkkNqJvoBTLMN0jGeEKtNAbfiuifDJSmpcVBWLe8VW9MG6L\nUO12jg/ZhzRCp/sq5QTMLcUYPQpkVffcrvlqsiLhI5aB6sXinMlQV6lJPJnIRQRi\nvyvDiEhceX+uMqfW8hn54XeQfTSvIiKMZO7fAf4CPi6XkFleN5uflqSy1Za4QXgC\n62tPs80acEFCMy8SYykJ8nwn6cUbwJGJUeWR4YmK0knzHJi7F5Zt+Pa+ah0KWzIR\nzb1jx+tdrCQxAwKCAQEA8oZs1G183N5JH5iigituZw4FO+Q0Wpj3X+v2BojJlcoN\nOFYaMK51b17PiRECZeebuo2TVbb0ve6wDKoM9ZfUb9n3Hvgzb7zItN8YFkEsyC/w\nXVSAwL3Qrtf6XHdSYxy1Xzp9y1l15Ool7eoFiFJ1cVUa9uStebZt9Kfp5yWXm7Q/\nv5uMNo1e6PekOcOvxmLOaQyNEJcJgIijyJvJOP2ScxjMN+GOkMMVz/leXhuT0Zdj\nN8zlEH04kuw36R3NR2OOwESOlc1zOP9v7F4WuH+HowRweU+mjCU5jMTv8cTmUtlu\n0U43pAxii9ZvI1reWaEhR9QblcP5DlXJ1XKV6AcffQKCAQBORe3gqcHTbi/1p6Yo\nZfCl8pjY/xj6tej7mc7Dl18LSWCrY7ZPBNAr230vPF0D3uZYGPxCXK9pVcqMFKhw\nHkZ/J2FUUALyIwNEga+Uha3OarVIEGZClaWBywIMyuBvhNc4oBejc1M3ebTXV3/P\nyF2+PDpE+jPxTRTVNflT+W+ZYWqbqJ62C01DxDhshbE5OyOLMyjkg8otOZEaX6ky\nPLJ/tXvBAih0ZtgnXdebe2zx7D7D5IHvd+fauAClkx5LTvIV3EU2a6P3uMZ2hHrH\nZUvnhj3+G2zRg2rVFc50xZXTiHhydg11Botp875TxzuK0QEZLUJ9nkNFPUrewuWE\n0gYTAoIBAA2DuCTORRr5uBFuq/+c8/YCLgB8Yv55b6+Esp0CmlkifUIaajM0RY8D\nNYVp0Txkf6URppgsLc83sc/C2h4Fa+0ftEmhgxxC5NxPYkQ7NYeiRD6vKs2SxkI3\n/teQPqMPQnwgAkqGna837Q0o8U37alf6aho/+/rAU7hCcyJSUfR3QuYmgNW5YwSQ\naDJf2Tew4dewv1uhTwI+mwHezIPEfZi0VQz4IL2oYVrJhpyv5LjVOs4tOMaGc9Sc\nHTF8W6gSwC2upFNss3MFqPL++z0kviYzZSEdcyZ0HJTflI9gbYVIYIiBV1Bo8ETi\nmibaNXHBLN2X0EG0PfiyhyDB1eCsJPECggEAHiHh6nU5oNwhMkA60Ku8vW0wDeyB\nrIm13BqIE6Kv73vpGNnep3IRqIPLiWvCtmfPO8VyXY2CNLPoOPqA78kG5VcyqvVm\n6w91W92d4dGZ+wxilGfNmGovB8jjIUV7IHb9DF0r5HEum7ZsWXhPOTohOVAlzI5A\nj3ZiCsfL0/CxBiNjZmLg0IpLS2vsQBY4ARiTnFEqYAcQcZ7elZJK5e+sz8kVPDIy\nxx/HdpRTtuCXkLGpfUfRZTbYPZ/l3o2+AAewAkZE8U/msiqXxTZDtowCKQNPMVR2\nvw17DYdyMQzS6MW++MGM53Xs3XPt+9DtoDgNtb51xDoB5sdhhTJcd7qPSQ==\n-----END RSA PRIVATE KEY-----\n",
            "private_key_pem_pkcs8": "-----BEGIN PRIVATE KEY-----\nMIIJQQIBADANBgkqhkiG9w0BAQEFAASCCSswggknAgEAAoICAQC5JC6GpuZ7V6Wy\nV7JMlymOS9MWlziyWJQXG4NnqdN6duNNvNlHkK87GiDrgqgTHSomRNFqtSgVvwEM\nzH1ctUkVeQqIVOjlea5b1+1hIq3a6tax9+DD72cHtwK3hnJJTBQRjA1Et+cELIRj\nSL2+0KL1H3QjaRVrx8n7M7FZJghWlw7CI6+77Nx49q/J82E+8vqSvcd838PMplh5\n2gd94DgLlzRUsMHeOdyRd0h+bENKS8U3maz+/MdJN5RyPaYGJPQJlM9BVBqr0sqr\nV+cH16hNAoxZGYsOfjzjzVuimEsYOu4xUshrcl2yQytL7l8xseCpmm2riU4jF+jz\nKCVn5/9kFY6/TpQbkT5I2KQgFNqvKnY6cfgT2CrubK09Inj8IBljb/kBjAFQ0CJ+\n/Vxd66RRFca7XsQRwaO+j9FDCWHpQTRRe2S+HdwMWc8FcsEFpzUciLyten/sQbXh\nU+xUtQgPapBLcgKdkT0WniYUeRH3+EvAdnjx/puz1mXjyDbVF7waeqFfgQ9hwCLA\n4MCPFrVd4y3TiWslCml4sBNZEgtBoecFUz49PeKoz3ggYZYvBiZtdNc0pePYN4K5\nuv1KDiMZty3uZe/cRKDZdiGfwXHyscOJOfe1fx5SHjTiuvn1ItpMerpyutU0NwqA\neK2v7bRu/GjLIXAYFRezEaK8frBLdwIDAQABAoICABeeDMythBpONdDDIiIQvcLY\nBln2jst6xDgRu5i2OnLVXAKsfrUujkPw/dZn3kPt76oJE65+jy9S+cclsNo/iqP8\nGFgIKNuDwwvBRu1Mt2Ev8upUpMNUifqbIcltPlf+UKhlCsOY3Ws+uIv9GVi66bFw\n7Tz1KJU4Bm/j32bwFJaN14VJeHSgbwbZRSxzE7/WzsMjBXchs6sAD1T1TLOwg3Br\nE0hjHKAEwTp8km6vey1XmWq8e6vdbW34HUODfLyCQJqWSpKwBWT6KKi54mVcNoJ4\nZZSaJGSEEwVmSsm6OV4ialniuwwF1KZVrjNrTuZvz/54Di8YfrNjAfA+z01qyWfF\nqrW+i2lyv9q0EV/D3ivOir0MTNASnyS0ckagEV7jfBfcp8SB96AtBdffBhXg+f0j\nHhkXOjN/5onJ0mTJ4N8Hcj6YjaBPyXM3GV3Js4xnf8frBn6wRhjf8kxPRRotLf3c\nymRPM1ktyYtOdQBCnKUDBLvWSqCp0JeHT/IELV0YBhRMSz25BvLKdSagatpSpdlU\nJlwhhN6IW+0W4iu2BU832zegwXspvZ7Fpb20fv9eBLXEZw8t+0kAjUS6PEJTjXZu\nWHUPxx9BqFUcYml8/fXTKGi/dYwa91UwYPk5sg5okK0r7E2Ft1THBqbLjPl8gySo\n9baeBqZ4Kben0NHRJNyVAoIBAQDDbY3cDDwWql/oMxBHHjboKqqSWWm6S8ahKYVh\n7b/BWjjnsKsNB+bOMHs5LQznuX1cooX6GVrd2QveK3GeDOEvfCXCeSQ2om+gFMsw\n3SMZ4Qq00Bt+K6J8MlKalxUFYt7xVb0wbotQ7XaOD9mHNEKn+yrlBMwtxRg9CmRV\n99yu+WqyIuEjloHqxeKcyVBXqUk8mchFBGK/K8OISFx5f64yp9byGfnhd5B9NK8i\nIoxk7t8B/gI+LpeQWV43m5+WpLLVlrhBeALra0+zzRpwQUIzLxJjKQnyfCfpxRvA\nkYlR5ZHhiYrSSfMcmLsXlm349r5qHQpbMhHNvWPH612sJDEDAoIBAQDyhmzUbXzc\n3kkfmKKCK25nDgU75DRamPdf6/YGiMmVyg04VhowrnVvXs+JEQJl55u6jZNVtvS9\n7rAMqgz1l9Rv2fce+DNvvMi03xgWQSzIL/BdVIDAvdCu1/pcd1JjHLVfOn3LWXXk\n6iXt6gWIUnVxVRr25K15tm30p+nnJZebtD+/m4w2jV7o96Q5w6/GYs5pDI0QlwmA\niKPIm8k4/ZJzGMw34Y6QwxXP+V5eG5PRl2M3zOUQfTiS7DfpHc1HY47ARI6VzXM4\n/2/sXha4f4ejBHB5T6aMJTmMxO/xxOZS2W7RTjekDGKL1m8jWt5ZoSFH1BuVw/kO\nVcnVcpXoBx99AoIBAE5F7eCpwdNuL/Wnpihl8KXymNj/GPq16PuZzsOXXwtJYKtj\ntk8E0CvbfS88XQPe5lgY/EJcr2lVyowUqHAeRn8nYVRQAvIjA0SBr5SFrc5qtUgQ\nZkKVpYHLAgzK4G+E1zigF6NzUzd5tNdXf8/IXb48OkT6M/FNFNU1+VP5b5lhapuo\nnrYLTUPEOGyFsTk7I4szKOSDyi05kRpfqTI8sn+1e8ECKHRm2Cdd15t7bPHsPsPk\nge9359q4AKWTHktO8hXcRTZro/e4xnaEesdlS+eGPf4bbNGDatUVznTFldOIeHJ2\nDXUGi2nzvlPHO4rRARktQn2eQ0U9St7C5YTSBhMCggEADYO4JM5FGvm4EW6r/5zz\n9gIuAHxi/nlvr4SynQKaWSJ9QhpqMzRFjwM1hWnRPGR/pRGmmCwtzzexz8LaHgVr\n7R+0SaGDHELk3E9iRDs1h6JEPq8qzZLGQjf+15A+ow9CfCACSoadrzftDSjxTftq\nV/pqGj/7+sBTuEJzIlJR9HdC5iaA1bljBJBoMl/ZN7Dh17C/W6FPAj6bAd7Mg8R9\nmLRVDPggvahhWsmGnK/kuNU6zi04xoZz1JwdMXxbqBLALa6kU2yzcwWo8v77PSS+\nJjNlIR1zJnQclN+Uj2BthUhgiIFXUGjwROKaJto1ccEs3ZfQQbQ9+LKHIMHV4Kwk\n8QKCAQAeIeHqdTmg3CEyQDrQq7y9bTAN7IGsibXcGogToq/ve+kY2d6nchGog8uJ\na8K2Z887xXJdjYI0s+g4+oDvyQblVzKq9WbrD3Vb3Z3h0Zn7DGKUZ82Yai8HyOMh\nRXsgdv0MXSvkcS6btmxZeE85OiE5UCXMjkCPdmIKx8vT8LEGI2NmYuDQiktLa+xA\nFjgBGJOcUSpgBxBxnt6Vkkrl76zPyRU8MjLHH8d2lFO24JeQsal9R9FlNtg9n+Xe\njb4AB7ACRkTxT+ayKpfFNkO2jAIpA08xVHa/DXsNh3IxDNLoxb74wYzndezdc+37\n0O2gOA21vnXEOgHmx2GFMlx3uo9J\n-----END PRIVATE KEY-----\n",
            "public_key_fingerprint_md5": "85:f9:28:2a:33:47:70:11:c8:ac:4c:24:99:92:cf:ea",
            "public_key_fingerprint_sha256": "SHA256:wJx66F2v40FDfrQV9lK9w+1KgJ1Abel1ZWXXcoFNHus",
            "public_key_openssh": "ssh-rsa AAAAB3NzaC1yc2EAAAADAQABAAACAQC5JC6GpuZ7V6WyV7JMlymOS9MWlziyWJQXG4NnqdN6duNNvNlHkK87GiDrgqgTHSomRNFqtSgVvwEMzH1ctUkVeQqIVOjlea5b1+1hIq3a6tax9+DD72cHtwK3hnJJTBQRjA1Et+cELIRjSL2+0KL1H3QjaRVrx8n7M7FZJghWlw7CI6+77Nx49q/J82E+8vqSvcd838PMplh52gd94DgLlzRUsMHeOdyRd0h+bENKS8U3maz+/MdJN5RyPaYGJPQJlM9BVBqr0sqrV+cH16hNAoxZGYsOfjzjzVuimEsYOu4xUshrcl2yQytL7l8xseCpmm2riU4jF+jzKCVn5/9kFY6/TpQbkT5I2KQgFNqvKnY6cfgT2CrubK09Inj8IBljb/kBjAFQ0CJ+/Vxd66RRFca7XsQRwaO+j9FDCWHpQTRRe2S+HdwMWc8FcsEFpzUciLyten/sQbXhU+xUtQgPapBLcgKdkT0WniYUeRH3+EvAdnjx/puz1mXjyDbVF7waeqFfgQ9hwCLA4MCPFrVd4y3TiWslCml4sBNZEgtBoecFUz49PeKoz3ggYZYvBiZtdNc0pePYN4K5uv1KDiMZty3uZe/cRKDZdiGfwXHyscOJOfe1fx5SHjTiuvn1ItpMerpyutU0NwqAeK2v7bRu/GjLIXAYFRezEaK8frBLdw==\n",
            "public_key_pem": "-----BEGIN PUBLIC KEY-----\nMIICIjANBgkqhkiG9w0BAQEFAAOCAg8AMIICCgKCAgEAuSQuhqbme1elsleyTJcp\njkvTFpc4sliUFxuDZ6nTenbjTbzZR5CvOxog64KoEx0qJkTRarUoFb8BDMx9XLVJ\nFXkKiFTo5XmuW9ftYSKt2urWsffgw+9nB7cCt4ZySUwUEYwNRLfnBCyEY0i9vtCi\n9R90I2kVa8fJ+zOxWSYIVpcOwiOvu+zcePavyfNhPvL6kr3HfN/DzKZYedoHfeA4\nC5c0VLDB3jnckXdIfmxDSkvFN5ms/vzHSTeUcj2mBiT0CZTPQVQaq9LKq1fnB9eo\nTQKMWRmLDn48481bophLGDruMVLIa3JdskMrS+5fMbHgqZptq4lOIxfo8yglZ+f/\nZBWOv06UG5E+SNikIBTaryp2OnH4E9gq7mytPSJ4/CAZY2/5AYwBUNAifv1cXeuk\nURXGu17EEcGjvo/RQwlh6UE0UXtkvh3cDFnPBXLBBac1HIi8rXp/7EG14VPsVLUI\nD2qQS3ICnZE9Fp4mFHkR9/hLwHZ48f6bs9Zl48g21Re8GnqhX4EPYcAiwODAjxa1\nXeMt04lrJQppeLATWRILQaHnBVM+PT3iqM94IGGWLwYmbXTXNKXj2DeCubr9Sg4j\nGbct7mXv3ESg2XYhn8Fx8rHDiTn3tX8eUh404rr59SLaTHq6crrVNDcKgHitr+20\nbvxoyyFwGBUXsxGivH6wS3cCAwEAAQ==\n-----END PUBLIC KEY-----\n",
            "rsa_bits": 4096
          },
          "sensitive_attributes": [
            [
              {
                "type": "get_attr",
                "value": "private_key_openssh"
              }
            ],
            [
              {
                "type": "get_attr",
                "value": "private_key_pem"
              }
            ],
            [
              {
                "type": "get_attr",
                "value": "private_key_pem_pkcs8"
              }
            ]
          ],
          "identity_schema_version": 0
        }
      ]
    }
  ],
  "check_results": null
}
