{
  "version": 4,
  "terraform_version": "1.14.5",
  "serial": 39,
  "lineage": "69e76f76-f4a9-81e8-26cd-a60d10043b3d",
  "outputs": {
    "deployment_summary": {
      "value": "========================================\nElectro-Shop Infrastructure Deployed!\n========================================\n    \nJenkins Master: 35.175.246.101\nURL: http://35.175.246.101:8080\n    \nDocker Agent: 3.88.13.227\n    \nSonarQube Server: 107.20.44.132\nURL: http://107.20.44.132:9000\n    \nSSH Key: Electro-Shop-Key.pem\n========================================\n",
      "type": "string"
    },
    "docker_agent_public_ip": {
      "value": "3.88.13.227",
      "type": "string"
    },
    "docker_agent_ssh_command": {
      "value": "ssh -i Electro-Shop-Key.pem ubuntu@3.88.13.227",
      "type": "string"
    },
    "jenkins_master_public_ip": {
      "value": "35.175.246.101",
      "type": "string"
    },
    "jenkins_master_ssh_command": {
      "value": "ssh -i Electro-Shop-Key.pem ubuntu@35.175.246.101",
      "type": "string"
    },
    "jenkins_master_url": {
      "value": "http://35.175.246.101:8080",
      "type": "string"
    },
    "sonarqube_server_public_ip": {
      "value": "107.20.44.132",
      "type": "string"
    },
    "sonarqube_server_ssh_command": {
      "value": "ssh -i Electro-Shop-Key.pem ubuntu@107.20.44.132",
      "type": "string"
    },
    "sonarqube_url": {
      "value": "http://107.20.44.132:9000",
      "type": "string"
    }
  },
  "resources": [
    {
      "mode": "managed",
      "type": "aws_instance",
      "name": "docker_agent",
      "provider": "provider[\"registry.terraform.io/hashicorp/aws\"]",
      "instances": [
        {
          "schema_version": 1,
          "attributes": {
            "ami": "ami-0b6c6ebed2801a5cb",
            "arn": "arn:aws:ec2:us-east-1:871469518158:instance/i-0d84154835da3612f",
            "associate_public_ip_address": true,
            "availability_zone": "us-east-1c",
            "capacity_reservation_specification": [
              {
                "capacity_reservation_preference": "open",
                "capacity_reservation_target": []
              }
            ],
            "cpu_core_count": 1,
            "cpu_options": [
              {
                "amd_sev_snp": "",
                "core_count": 1,
                "threads_per_core": 2
              }
            ],
            "cpu_threads_per_core": 2,
            "credit_specification": [
              {
                "cpu_credits": "unlimited"
              }
            ],
            "disable_api_stop": false,
            "disable_api_termination": false,
            "ebs_block_device": [],
            "ebs_optimized": false,
            "enable_primary_ipv6": null,
            "enclave_options": [
              {
                "enabled": false
              }
            ],
            "ephemeral_block_device": [],
            "get_password_data": false,
            "hibernation": false,
            "host_id": "",
            "host_resource_group_arn": null,
            "iam_instance_profile": "",
            "id": "i-0d84154835da3612f",
            "instance_initiated_shutdown_behavior": "stop",
            "instance_lifecycle": "",
            "instance_market_options": [],
            "instance_state": "running",
            "instance_type": "t3.micro",
            "ipv6_address_count": 0,
            "ipv6_addresses": [],
            "key_name": "Electro-Shop-Key",
            "launch_template": [],
            "maintenance_options": [
              {
                "auto_recovery": "default"
              }
            ],
            "metadata_options": [
              {
                "http_endpoint": "enabled",
                "http_protocol_ipv6": "disabled",
                "http_put_response_hop_limit": 2,
                "http_tokens": "required",
                "instance_metadata_tags": "disabled"
              }
            ],
            "monitoring": false,
            "network_interface": [],
            "outpost_arn": "",
            "password_data": "",
            "placement_group": "",
            "placement_partition_number": 0,
            "primary_network_interface_id": "eni-06857840ede639cc1",
            "private_dns": "ip-172-31-19-155.ec2.internal",
            "private_dns_name_options": [
              {
                "enable_resource_name_dns_a_record": false,
                "enable_resource_name_dns_aaaa_record": false,
                "hostname_type": "ip-name"
              }
            ],
            "private_ip": "172.31.19.155",
            "public_dns": "ec2-3-88-13-227.compute-1.amazonaws.com",
            "public_ip": "3.88.13.227",
            "root_block_device": [
              {
                "delete_on_termination": true,
                "device_name": "/dev/sda1",
                "encrypted": true,
                "iops": 3000,
                "kms_key_id": "arn:aws:kms:us-east-1:871469518158:key/b080a126-f793-40e9-8122-499013bab6fc",
                "tags": {
                  "Name": "Electro-shop-agent-root"
                },
                "tags_all": {
                  "Name": "Electro-shop-agent-root"
                },
                "throughput": 125,
                "volume_id": "vol-00652a2e8305c3866",
                "volume_size": 20,
                "volume_type": "gp3"
              }
            ],
            "secondary_private_ips": [],
            "security_groups": [
              "Electro-Shop-Multi-Server-SG"
            ],
            "source_dest_check": true,
            "spot_instance_request_id": "",
            "subnet_id": "subnet-05b161ec7040efd78",
            "tags": {
              "Environment": "Production",
              "Name": "Electro-shop-agent",
              "Role": "Docker-Agent"
            },
            "tags_all": {
              "Environment": "Production",
              "Name": "Electro-shop-agent",
              "Role": "Docker-Agent"
            },
            "tenancy": "default",
            "timeouts": null,
            "user_data": "2964971c7717fd7eba78043237ee303ef24cb88e",
            "user_data_base64": null,
            "user_data_replace_on_change": false,
            "volume_tags": null,
            "vpc_security_group_ids": [
              "sg-0c17dfffa21de3daa"
            ]
          },
          "sensitive_attributes": [],
          "identity_schema_version": 0,
          "private": "eyJlMmJmYjczMC1lY2FhLTExZTYtOGY4OC0zNDM2M2JjN2M0YzAiOnsiY3JlYXRlIjo2MDAwMDAwMDAwMDAsImRlbGV0ZSI6MTIwMDAwMDAwMDAwMCwicmVhZCI6OTAwMDAwMDAwMDAwLCJ1cGRhdGUiOjYwMDAwMDAwMDAwMH0sInNjaGVtYV92ZXJzaW9uIjoiMSJ9",
          "dependencies": [
            "aws_key_pair.generated_key",
            "aws_security_group.infra_allow_port_sg",
            "tls_private_key.ec2_key"
          ]
        }
      ]
    },
    {
      "mode": "managed",
      "type": "aws_instance",
      "name": "jenkins_master",
      "provider": "provider[\"registry.terraform.io/hashicorp/aws\"]",
      "instances": [
        {
          "schema_version": 1,
          "attributes": {
            "ami": "ami-0b6c6ebed2801a5cb",
            "arn": "arn:aws:ec2:us-east-1:871469518158:instance/i-0c3d96f9091c69d37",
            "associate_public_ip_address": true,
            "availability_zone": "us-east-1b",
            "capacity_reservation_specification": [
              {
                "capacity_reservation_preference": "open",
                "capacity_reservation_target": []
              }
            ],
            "cpu_core_count": 1,
            "cpu_options": [
              {
                "amd_sev_snp": "",
                "core_count": 1,
                "threads_per_core": 2
              }
            ],
            "cpu_threads_per_core": 2,
            "credit_specification": [],
            "disable_api_stop": false,
            "disable_api_termination": false,
            "ebs_block_device": [],
            "ebs_optimized": false,
            "enable_primary_ipv6": null,
            "enclave_options": [
              {
                "enabled": false
              }
            ],
            "ephemeral_block_device": [],
            "get_password_data": false,
            "hibernation": false,
            "host_id": "",
            "host_resource_group_arn": null,
            "iam_instance_profile": "",
            "id": "i-0c3d96f9091c69d37",
            "instance_initiated_shutdown_behavior": "stop",
            "instance_lifecycle": "",
            "instance_market_options": [],
            "instance_state": "running",
            "instance_type": "c7i-flex.large",
            "ipv6_address_count": 0,
            "ipv6_addresses": [],
            "key_name": "Electro-Shop-Key",
            "launch_template": [],
            "maintenance_options": [
              {
                "auto_recovery": "default"
              }
            ],
            "metadata_options": [
              {
                "http_endpoint": "enabled",
                "http_protocol_ipv6": "disabled",
                "http_put_response_hop_limit": 2,
                "http_tokens": "required",
                "instance_metadata_tags": "disabled"
              }
            ],
            "monitoring": false,
            "network_interface": [],
            "outpost_arn": "",
            "password_data": "",
            "placement_group": "",
            "placement_partition_number": 0,
            "primary_network_interface_id": "eni-0b620bb89e9340e13",
            "private_dns": "ip-172-31-90-224.ec2.internal",
            "private_dns_name_options": [
              {
                "enable_resource_name_dns_a_record": false,
                "enable_resource_name_dns_aaaa_record": false,
                "hostname_type": "ip-name"
              }
            ],
            "private_ip": "172.31.90.224",
            "public_dns": "ec2-35-175-246-101.compute-1.amazonaws.com",
            "public_ip": "35.175.246.101",
            "root_block_device": [
              {
                "delete_on_termination": true,
                "device_name": "/dev/sda1",
                "encrypted": true,
                "iops": 3000,
                "kms_key_id": "arn:aws:kms:us-east-1:871469518158:key/b080a126-f793-40e9-8122-499013bab6fc",
                "tags": {
                  "Name": "Electro-shop-master-root"
                },
                "tags_all": {
                  "Name": "Electro-shop-master-root"
                },
                "throughput": 125,
                "volume_id": "vol-0c4ae44c8adfa5148",
                "volume_size": 20,
                "volume_type": "gp3"
              }
            ],
            "secondary_private_ips": [],
            "security_groups": [
              "Electro-Shop-Multi-Server-SG"
            ],
            "source_dest_check": true,
            "spot_instance_request_id": "",
            "subnet_id": "subnet-04edac7dfc3a2a5ac",
            "tags": {
              "Environment": "Production",
              "Name": "Electro-shop-master",
              "Role": "Jenkins-Master"
            },
            "tags_all": {
              "Environment": "Production",
              "Name": "Electro-shop-master",
              "Role": "Jenkins-Master"
            },
            "tenancy": "default",
            "timeouts": null,
            "user_data": "e2c767951eb7b4e42b36543094d102d001ae3b85",
            "user_data_base64": null,
            "user_data_replace_on_change": false,
            "volume_tags": null,
            "vpc_security_group_ids": [
              "sg-0c17dfffa21de3daa"
            ]
          },
          "sensitive_attributes": [],
          "identity_schema_version": 0,
          "private": "eyJlMmJmYjczMC1lY2FhLTExZTYtOGY4OC0zNDM2M2JjN2M0YzAiOnsiY3JlYXRlIjo2MDAwMDAwMDAwMDAsImRlbGV0ZSI6MTIwMDAwMDAwMDAwMCwicmVhZCI6OTAwMDAwMDAwMDAwLCJ1cGRhdGUiOjYwMDAwMDAwMDAwMH0sInNjaGVtYV92ZXJzaW9uIjoiMSJ9",
          "dependencies": [
            "aws_key_pair.generated_key",
            "aws_security_group.infra_allow_port_sg",
            "tls_private_key.ec2_key"
          ]
        }
      ]
    },
    {
      "mode": "managed",
      "type": "aws_instance",
      "name": "sonarqube_server",
      "provider": "provider[\"registry.terraform.io/hashicorp/aws\"]",
      "instances": [
        {
          "schema_version": 1,
          "attributes": {
            "ami": "ami-0b6c6ebed2801a5cb",
            "arn": "arn:aws:ec2:us-east-1:871469518158:instance/i-058c6ebc2c6bb9aca",
            "associate_public_ip_address": true,
            "availability_zone": "us-east-1b",
            "capacity_reservation_specification": [
              {
                "capacity_reservation_preference": "open",
                "capacity_reservation_target": []
              }
            ],
            "cpu_core_count": 1,
            "cpu_options": [
              {
                "amd_sev_snp": "",
                "core_count": 1,
                "threads_per_core": 2
              }
            ],
            "cpu_threads_per_core": 2,
            "credit_specification": [],
            "disable_api_stop": false,
            "disable_api_termination": false,
            "ebs_block_device": [],
            "ebs_optimized": false,
            "enable_primary_ipv6": null,
            "enclave_options": [
              {
                "enabled": false
              }
            ],
            "ephemeral_block_device": [],
            "get_password_data": false,
            "hibernation": false,
            "host_id": "",
            "host_resource_group_arn": null,
            "iam_instance_profile": "",
            "id": "i-058c6ebc2c6bb9aca",
            "instance_initiated_shutdown_behavior": "stop",
            "instance_lifecycle": "",
            "instance_market_options": [],
            "instance_state": "running",
            "instance_type": "c7i-flex.large",
            "ipv6_address_count": 0,
            "ipv6_addresses": [],
            "key_name": "Electro-Shop-Key",
            "launch_template": [],
            "maintenance_options": [
              {
                "auto_recovery": "default"
              }
            ],
            "metadata_options": [
              {
                "http_endpoint": "enabled",
                "http_protocol_ipv6": "disabled",
                "http_put_response_hop_limit": 2,
                "http_tokens": "required",
                "instance_metadata_tags": "disabled"
              }
            ],
            "monitoring": false,
            "network_interface": [],
            "outpost_arn": "",
            "password_data": "",
            "placement_group": "",
            "placement_partition_number": 0,
            "primary_network_interface_id": "eni-00471edd93c8236a5",
            "private_dns": "ip-172-31-88-164.ec2.internal",
            "private_dns_name_options": [
              {
                "enable_resource_name_dns_a_record": false,
                "enable_resource_name_dns_aaaa_record": false,
                "hostname_type": "ip-name"
              }
            ],
            "private_ip": "172.31.88.164",
            "public_dns": "ec2-107-20-44-132.compute-1.amazonaws.com",
            "public_ip": "107.20.44.132",
            "root_block_device": [
              {
                "delete_on_termination": true,
                "device_name": "/dev/sda1",
                "encrypted": true,
                "iops": 3000,
                "kms_key_id": "arn:aws:kms:us-east-1:871469518158:key/b080a126-f793-40e9-8122-499013bab6fc",
                "tags": {
                  "Name": "Electro-shop-sonar-root"
                },
                "tags_all": {
                  "Name": "Electro-shop-sonar-root"
                },
                "throughput": 125,
                "volume_id": "vol-0021ca7c3abd477a7",
                "volume_size": 30,
                "volume_type": "gp3"
              }
            ],
            "secondary_private_ips": [],
            "security_groups": [
              "Electro-Shop-Multi-Server-SG"
            ],
            "source_dest_check": true,
            "spot_instance_request_id": "",
            "subnet_id": "subnet-04edac7dfc3a2a5ac",
            "tags": {
              "Environment": "Production",
              "Name": "Electro-shop-sonar-server",
              "Role": "SonarQube"
            },
            "tags_all": {
              "Environment": "Production",
              "Name": "Electro-shop-sonar-server",
              "Role": "SonarQube"
            },
            "tenancy": "default",
            "timeouts": null,
            "user_data": "94b640cd37b25dcd344803d853bc64442d3c2af8",
            "user_data_base64": null,
            "user_data_replace_on_change": false,
            "volume_tags": null,
            "vpc_security_group_ids": [
              "sg-0c17dfffa21de3daa"
            ]
          },
          "sensitive_attributes": [],
          "identity_schema_version": 0,
          "private": "eyJlMmJmYjczMC1lY2FhLTExZTYtOGY4OC0zNDM2M2JjN2M0YzAiOnsiY3JlYXRlIjo2MDAwMDAwMDAwMDAsImRlbGV0ZSI6MTIwMDAwMDAwMDAwMCwicmVhZCI6OTAwMDAwMDAwMDAwLCJ1cGRhdGUiOjYwMDAwMDAwMDAwMH0sInNjaGVtYV92ZXJzaW9uIjoiMSJ9",
          "dependencies": [
            "aws_key_pair.generated_key",
            "aws_security_group.infra_allow_port_sg",
            "tls_private_key.ec2_key"
          ]
        }
      ]
    },
    {
      "mode": "managed",
      "type": "aws_key_pair",
      "name": "generated_key",
      "provider": "provider[\"registry.terraform.io/hashicorp/aws\"]",
      "instances": [
        {
          "schema_version": 1,
          "attributes": {
            "arn": "arn:aws:ec2:us-east-1:871469518158:key-pair/Electro-Shop-Key",
            "fingerprint": "5e:4c:b0:8a:83:b9:a8:23:17:d4:bf:4c:23:54:e6:8a",
            "id": "Electro-Shop-Key",
            "key_name": "Electro-Shop-Key",
            "key_name_prefix": "",
            "key_pair_id": "key-07f0b5eb44627e382",
            "key_type": "rsa",
            "public_key": "ssh-rsa AAAAB3NzaC1yc2EAAAADAQABAAACAQDpbmdo4s2+LBOyjLCw78N26QAKc6E/BwO0+0/tpG1F8AWM/1P/5dm/AF5Evml4cV2abYnZoPhQabeEDSiZKVakkg2XIN33et1HTaaCvvkOX9Ovp1abeFB3R4PfDHJxlBWSCB2WLLO53mt/7seCSNQmfw0vk+XnBlEbVzbSF+IMbu8LShuR3q4WJr7dnoB+ZQ7/KLgRCf5hUUp+AL+KejAnmspSDLwpsdoEhKVofJUOd3zJoRCDhNBL8jG25XvCxav89ApErOdVMGgspKfvnd+dHhApgX6acSSpfU+A4l0qR/GXU6X0o5RG+BXraU7PC2UKZb2DT9TrwOwG+0WQ5QVstSY/HIYvJWSElLgytoaXPMLztsai64lQ+iO+bVxuwaIPFg7aS3KuboJiVNy9h3AWuV8V/E2T/R4obCfH5N0FtpMNDmsewCReVPyyR/C4hABb9QxHPINc1FRW3hb4kwUtm3wIplbcFPFFHk3SStrhW4Cf1lrr0DtxuGj+q5B/g7BGBgcvWPAPB4tpPWfQCGYrewKJwyRXCyjN1mg4QWLlg/uTmMZ6IJZStH0QAEQdK2UR4bYeD3cH8uwlQnYIGk+XB2F7eN5PB4BWBP5um2L7B/JnHeOLbKEnv0t9z85yi57a3aylJh+Mw34DXONB9dkh1hpmgbC1Jphx37hdRIYzvQ==",
            "tags": {},
            "tags_all": {}
          },
          "sensitive_attributes": [],
          "identity_schema_version": 0,
          "private": "eyJzY2hlbWFfdmVyc2lvbiI6IjEifQ==",
          "dependencies": [
            "tls_private_key.ec2_key"
          ]
        }
      ]
    },
    {
      "mode": "managed",
      "type": "aws_security_group",
      "name": "infra_allow_port_sg",
      "provider": "provider[\"registry.terraform.io/hashicorp/aws\"]",
      "instances": [
        {
          "schema_version": 1,
          "attributes": {
            "arn": "arn:aws:ec2:us-east-1:871469518158:security-group/sg-0c17dfffa21de3daa",
            "description": "Allow inbound traffic for Jenkins, Docker, and SonarQube",
            "egress": [
              {
                "cidr_blocks": [
                  "0.0.0.0/0"
                ],
                "description": "",
                "from_port": 0,
                "ipv6_cidr_blocks": [],
                "prefix_list_ids": [],
                "protocol": "-1",
                "security_groups": [],
                "self": false,
                "to_port": 0
              }
            ],
            "id": "sg-0c17dfffa21de3daa",
            "ingress": [
              {
                "cidr_blocks": [
                  "0.0.0.0/0"
                ],
                "description": "inbound rules",
                "from_port": 22,
                "ipv6_cidr_blocks": [],
                "prefix_list_ids": [],
                "protocol": "tcp",
                "security_groups": [],
                "self": false,
                "to_port": 22
              },
              {
                "cidr_blocks": [
                  "0.0.0.0/0"
                ],
                "description": "inbound rules",
                "from_port": 2375,
                "ipv6_cidr_blocks": [],
                "prefix_list_ids": [],
                "protocol": "tcp",
                "security_groups": [],
                "self": false,
                "to_port": 2375
              },
              {
                "cidr_blocks": [
                  "0.0.0.0/0"
                ],
                "description": "inbound rules",
                "from_port": 2376,
                "ipv6_cidr_blocks": [],
                "prefix_list_ids": [],
                "protocol": "tcp",
                "security_groups": [],
                "self": false,
                "to_port": 2376
              },
              {
                "cidr_blocks": [
                  "0.0.0.0/0"
                ],
                "description": "inbound rules",
                "from_port": 443,
                "ipv6_cidr_blocks": [],
                "prefix_list_ids": [],
                "protocol": "tcp",
                "security_groups": [],
                "self": false,
                "to_port": 443
              },
              {
                "cidr_blocks": [
                  "0.0.0.0/0"
                ],
                "description": "inbound rules",
                "from_port": 5432,
                "ipv6_cidr_blocks": [],
                "prefix_list_ids": [],
                "protocol": "tcp",
                "security_groups": [],
                "self": false,
                "to_port": 5432
              },
              {
                "cidr_blocks": [
                  "0.0.0.0/0"
                ],
                "description": "inbound rules",
                "from_port": 8080,
                "ipv6_cidr_blocks": [],
                "prefix_list_ids": [],
                "protocol": "tcp",
                "security_groups": [],
                "self": false,
                "to_port": 8080
              },
              {
                "cidr_blocks": [
                  "0.0.0.0/0"
                ],
                "description": "inbound rules",
                "from_port": 80,
                "ipv6_cidr_blocks": [],
                "prefix_list_ids": [],
                "protocol": "tcp",
                "security_groups": [],
                "self": false,
                "to_port": 80
              },
              {
                "cidr_blocks": [
                  "0.0.0.0/0"
                ],
                "description": "inbound rules",
                "from_port": 9000,
                "ipv6_cidr_blocks": [],
                "prefix_list_ids": [],
                "protocol": "tcp",
                "security_groups": [],
                "self": false,
                "to_port": 9000
              }
            ],
            "name": "Electro-Shop-Multi-Server-SG",
            "name_prefix": "",
            "owner_id": "871469518158",
            "revoke_rules_on_delete": false,
            "tags": {
              "Environment": "Production",
              "Name": "Electro-Shop-Multi-Server-SG"
            },
            "tags_all": {
              "Environment": "Production",
              "Name": "Electro-Shop-Multi-Server-SG"
            },
            "timeouts": null,
            "vpc_id": "vpc-0392d7581615b629f"
          },
          "sensitive_attributes": [],
          "identity_schema_version": 0,
          "private": "eyJlMmJmYjczMC1lY2FhLTExZTYtOGY4OC0zNDM2M2JjN2M0YzAiOnsiY3JlYXRlIjo2MDAwMDAwMDAwMDAsImRlbGV0ZSI6OTAwMDAwMDAwMDAwfSwic2NoZW1hX3ZlcnNpb24iOiIxIn0="
        }
      ]
    },
    {
      "mode": "managed",
      "type": "local_file",
      "name": "private_key",
      "provider": "provider[\"registry.terraform.io/hashicorp/local\"]",
      "instances": [
        {
          "schema_version": 0,
          "attributes": {
            "content": "-----BEGIN RSA PRIVATE KEY-----\nMIIJKgIBAAKCAgEA6W5naOLNviwTsoywsO/DdukACnOhPwcDtPtP7aRtRfAFjP9T\n/+XZvwBeRL5peHFdmm2J2aD4UGm3hA0omSlWpJINlyDd93rdR02mgr75Dl/Tr6dW\nm3hQd0eD3wxycZQVkggdliyzud5rf+7HgkjUJn8NL5Pl5wZRG1c20hfiDG7vC0ob\nkd6uFia+3Z6AfmUO/yi4EQn+YVFKfgC/inowJ5rKUgy8KbHaBISlaHyVDnd8yaEQ\ng4TQS/IxtuV7wsWr/PQKRKznVTBoLKSn753fnR4QKYF+mnEkqX1PgOJdKkfxl1Ol\n9KOURvgV62lOzwtlCmW9g0/U68DsBvtFkOUFbLUmPxyGLyVkhJS4MraGlzzC87bG\nouuJUPojvm1cbsGiDxYO2ktyrm6CYlTcvYdwFrlfFfxNk/0eKGwnx+TdBbaTDQ5r\nHsAkXlT8skfwuIQAW/UMRzyDXNRUVt4W+JMFLZt8CKZW3BTxRR5N0kra4VuAn9Za\n69A7cbho/quQf4OwRgYHL1jwDweLaT1n0AhmK3sCicMkVwsozdZoOEFi5YP7k5jG\neiCWUrR9EABEHStlEeG2Hg93B/LsJUJ2CBpPlwdhe3jeTweAVgT+bpti+wfyZx3j\ni2yhJ79Lfc/Ocoue2t2spSYfjMN+A1zjQfXZIdYaZoGwtSaYcd+4XUSGM70CAwEA\nAQKCAgAyd60hzw8+U1c63hIBXwT6e2uH1vIAp2qUwVTJgygg28DHeBhYFgCau+Cl\nqikxYgkjrxUDmTq2X/TONu4VFwvlbrJDf1ad/9FBbjdWwyUjh3JD4sDlwgBbmXmY\nSp+fkK2NMfX7ltSQldbWBPDbaRV88TEPnUEyTnpQl+2BRKqZl45U+YO2aNdocJ4J\nWhBbw0uXvNz2yhtWPPYHAfBnZv1sQpoFXT19IjeJjIgaa/zp8Mlo6kqgtKE4GjfH\nXBwCwyvo93YU3PDyyRFsvXiVZKOI24wQ/S87AsUzY6VBry8HSiCgX/RcTNVs9ov+\npnjkaIlC0zZC4oqdIculwsOKjQk7yro4QztQ8ZE9EpB/wM2pHuMDkvczIZsU237h\njWLMF/wx6jrNjL4jnFtRJg7O4kvhYsee8CLoGJdhJpSL12fF8QqLoStyDDhXA/DA\n2lTAmmxF9WzMKZEJSDHN0B6M5PE8uMnW+X840N7q/NIlRhN4t2ScRmtV/r19j0T/\nxXg5XiVWzu09q54IUl7VLjVjwHBrLulfZQqBmyBi9P6SjFWIrH3X8GUigTFF7Rk/\n/bH5tv7GzLfrhMPYUdpmEg0HLbBsHKOjW88fdgFPjsIZJuPlirmcnkmc1noQpEgN\nL0rn6dGxZY0E2n54HyA/IawWCe4v1vp9QNuiN8epD7WJNQVHHQKCAQEA++I1dJGQ\ntJj/D6J3d1QS0TkIOUMemqQxKh35I32ml8rSd662m14UvmiPYoZEpAei1BKVcgbz\nKLeGBiBBLe9dhZYAhy+gY2VWWz2mN0zgZ7dUzIZYde6RxcQl0CUwXyaDCxtCQrJs\nKXhRda1jkpI1Y7OBWU2Yqq9qwdIhTIBfmopUbs3M8RZNhGJDlPG9IUWjyQrNEKyx\nJQ9/TRk2wfiSsznUmn982TZ2lXsOHcfmO8/835m8iNytnPE/17zvxNqy+m+uIkcV\n2omUuY6LeZj7WCQA3XkWSHmHUb92R/+uEHyz2QMNRq/lH8rFCifvyVjqQEuJwTA/\nU6uxXhV4o/gDvwKCAQEA7T7/PbCANzExzFCuKRM5vJsOxtYQ51J2CfO4Yio0m/Na\nD6ohWORMmj2I2DZ5vFBf1CcNlI8lvn6PgCR/wmiCr7S2UJOWXLP80qJSx7VMdnaD\n660FOif5hco04t1dimSpaD1d4UyM+IpH/Caec1ML2vD9QvjBoPVD//4Q8ibIzNLQ\nwc8Cc33UOR3qywOnAZMxprg5Ue8U0pFh88DgTye+hBrLJgGzrvpodq/Q8Mb9MTsu\na6F7FD8Xglv07cihCdnR8hm/5+r6266L9TThSg+WYKGV5dIXVSNJzjbZqy6z6v9C\njIFeELNhEx3R1CDGnoofUUDrQQTN3CQ48DxFQsH3gwKCAQEAyz/eqKBpZwFqF6Ce\nzABgasmdlC9P+7LwJS8ogXX7vtKgAIlPupExJfBTe0ojC0VKI9yXEPsArWNh14Gh\ndsKG8at3454PywTTqS5W+JqlHav21k62BPusTywW4x2PKch2x7iIQC+fTdtTyCRQ\ni85FHJ2Vi40s2tZPy/SWgBe6jYZ/2SVh8Uxw4pk0NXTXi4iZQDnh/UmMa/5UV883\nu0+seMj6gGzNPq1PBRHV8zwB0VPklj2Ev99qjJCzVo+T3oInGCSUG/7GaKDKDO00\nKLvEXXw34n6592NxSQq5FCIBwDYQHdXzmY2H0p6ZXreZKxz/cUBC+UvIXejWZ7fl\nsFIKGwKCAQEAs0Kpe4RUrN9YAEhqABFNy+vhc24mIZNWK1jjVhEL5VYwE6v6PH9s\nPhMGxlALFbYpYlUL1td+rnxUk3+ApXVwYbELHMEXmP5KpyENqWac2tnb/gSi8Xlo\n+aV65nxbBIng0ymjOOwtjFJ359eKXBtA1vLGeocZTzRjaBch2MZjbRhRsk9nS7qk\n029+jF07IF6G4rFKZlVfB2fgelyfYE/ojUrtes9IZItCyYM5PeUtRLix75N5Oygc\n7FvtKoow3A+gqey461TKrZkqmWGWZO54MpWFfLyM8sCSMOWS/NxyB7tOHnpViArx\n647ZkA4f5YT5+twxpdQqdA9Okn8H2lRTXwKCAQEA5YjLFDIRvoZWfh8/e2h0B/ri\nKHv5msVDkJ8SscHOlWxAdWwo/fsJiDySJx/OaSEl73k25z6Wt6hqfV1pWXHAOfLK\n97iMnQKu+YM5m32rSIxkjAL36m1FD1dG0KvOqworLji76CQPfw37pVwakmLYNEwb\ng05Zj4HOtUrJwNF0dH97Ih2tAWBbVqd0Dx3kAZfDsPBtKbx6DvhijqAMGI6eTaKb\nPz2VRCya3KlP/hp5bqj2Xg2btLzIBt1358iFcfbioiZwjI0c/yFqz63n0jh6u1eF\ns8EWgGp/lTNTagZumr57xHSDmVuXyGohk7OYSLH1z1TzJv3ymJ5/qCfrGsnCuw==\n-----END RSA PRIVATE KEY-----\n",
            "content_base64": null,
            "content_base64sha256": "Dw8wDoJrxElOWRoKqsKmK19CFvXGj2Jth3vwND82jGI=",
            "content_base64sha512": "K0OGiltRcdCljv8OxRoFmvaVasrRkFTrnopaocT+ZrP5J8WcgpY+3Y2fDGmWU36Y+IZG6rZddJgyOKQXZ26DQQ==",
            "content_md5": "ec21d72b7fd0144ffa5455538e212093",
            "content_sha1": "3e8bbdbbfa5eff62d9327e6bcf453bc8d9b3befa",
            "content_sha256": "0f0f300e826bc4494e591a0aaac2a62b5f4216f5c68f626d877bf0343f368c62",
            "content_sha512": "2b43868a5b5171d0a58eff0ec51a059af6956acad19054eb9e8a5aa1c4fe66b3f927c59c82963edd8d9f0c6996537e98f88646eab65d74983238a417676e8341",
            "directory_permission": "0777",
            "file_permission": "0400",
            "filename": "./Electro-Shop-Key.pem",
            "id": "3e8bbdbbfa5eff62d9327e6bcf453bc8d9b3befa",
            "sensitive_content": null,
            "source": null
          },
          "sensitive_attributes": [
            [
              {
                "type": "get_attr",
                "value": "content"
              }
            ],
            [
              {
                "type": "get_attr",
                "value": "sensitive_content"
              }
            ]
          ],
          "identity_schema_version": 0,
          "dependencies": [
            "tls_private_key.ec2_key"
          ]
        }
      ]
    },
    {
      "mode": "managed",
      "type": "tls_private_key",
      "name": "ec2_key",
      "provider": "provider[\"registry.terraform.io/hashicorp/tls\"]",
      "instances": [
        {
          "schema_version": 1,
          "attributes": {
            "algorithm": "RSA",
            "ecdsa_curve": "P224",
            "id": "85edfe4431b6b25e72fabf8688034e6a8131f395",
            "private_key_openssh": "-----BEGIN OPENSSH PRIVATE KEY-----\nb3BlbnNzaC1rZXktdjEAAAAABG5vbmUAAAAEbm9uZQAAAAAAAAABAAACFwAAAAdz\nc2gtcnNhAAAAAwEAAQAAAgEA6W5naOLNviwTsoywsO/DdukACnOhPwcDtPtP7aRt\nRfAFjP9T/+XZvwBeRL5peHFdmm2J2aD4UGm3hA0omSlWpJINlyDd93rdR02mgr75\nDl/Tr6dWm3hQd0eD3wxycZQVkggdliyzud5rf+7HgkjUJn8NL5Pl5wZRG1c20hfi\nDG7vC0obkd6uFia+3Z6AfmUO/yi4EQn+YVFKfgC/inowJ5rKUgy8KbHaBISlaHyV\nDnd8yaEQg4TQS/IxtuV7wsWr/PQKRKznVTBoLKSn753fnR4QKYF+mnEkqX1PgOJd\nKkfxl1Ol9KOURvgV62lOzwtlCmW9g0/U68DsBvtFkOUFbLUmPxyGLyVkhJS4MraG\nlzzC87bGouuJUPojvm1cbsGiDxYO2ktyrm6CYlTcvYdwFrlfFfxNk/0eKGwnx+Td\nBbaTDQ5rHsAkXlT8skfwuIQAW/UMRzyDXNRUVt4W+JMFLZt8CKZW3BTxRR5N0kra\n4VuAn9Za69A7cbho/quQf4OwRgYHL1jwDweLaT1n0AhmK3sCicMkVwsozdZoOEFi\n5YP7k5jGeiCWUrR9EABEHStlEeG2Hg93B/LsJUJ2CBpPlwdhe3jeTweAVgT+bpti\n+wfyZx3ji2yhJ79Lfc/Ocoue2t2spSYfjMN+A1zjQfXZIdYaZoGwtSaYcd+4XUSG\nM70AAAc4bdmN1m3ZjdYAAAAHc3NoLXJzYQAAAgEA6W5naOLNviwTsoywsO/DdukA\nCnOhPwcDtPtP7aRtRfAFjP9T/+XZvwBeRL5peHFdmm2J2aD4UGm3hA0omSlWpJIN\nlyDd93rdR02mgr75Dl/Tr6dWm3hQd0eD3wxycZQVkggdliyzud5rf+7HgkjUJn8N\nL5Pl5wZRG1c20hfiDG7vC0obkd6uFia+3Z6AfmUO/yi4EQn+YVFKfgC/inowJ5rK\nUgy8KbHaBISlaHyVDnd8yaEQg4TQS/IxtuV7wsWr/PQKRKznVTBoLKSn753fnR4Q\nKYF+mnEkqX1PgOJdKkfxl1Ol9KOURvgV62lOzwtlCmW9g0/U68DsBvtFkOUFbLUm\nPxyGLyVkhJS4MraGlzzC87bGouuJUPojvm1cbsGiDxYO2ktyrm6CYlTcvYdwFrlf\nFfxNk/0eKGwnx+TdBbaTDQ5rHsAkXlT8skfwuIQAW/UMRzyDXNRUVt4W+JMFLZt8\nCKZW3BTxRR5N0kra4VuAn9Za69A7cbho/quQf4OwRgYHL1jwDweLaT1n0AhmK3sC\nicMkVwsozdZoOEFi5YP7k5jGeiCWUrR9EABEHStlEeG2Hg93B/LsJUJ2CBpPlwdh\ne3jeTweAVgT+bpti+wfyZx3ji2yhJ79Lfc/Ocoue2t2spSYfjMN+A1zjQfXZIdYa\nZoGwtSaYcd+4XUSGM70AAAADAQABAAACADJ3rSHPDz5TVzreEgFfBPp7a4fW8gCn\napTBVMmDKCDbwMd4GFgWAJq74KWqKTFiCSOvFQOZOrZf9M427hUXC+VuskN/Vp3/\n0UFuN1bDJSOHckPiwOXCAFuZeZhKn5+QrY0x9fuW1JCV1tYE8NtpFXzxMQ+dQTJO\nelCX7YFEqpmXjlT5g7Zo12hwnglaEFvDS5e83PbKG1Y89gcB8Gdm/WxCmgVdPX0i\nN4mMiBpr/OnwyWjqSqC0oTgaN8dcHALDK+j3dhTc8PLJEWy9eJVko4jbjBD9LzsC\nxTNjpUGvLwdKIKBf9FxM1Wz2i/6meORoiULTNkLiip0hy6XCw4qNCTvKujhDO1Dx\nkT0SkH/Azake4wOS9zMhmxTbfuGNYswX/DHqOs2MviOcW1EmDs7iS+Fix57wIugY\nl2EmlIvXZ8XxCouhK3IMOFcD8MDaVMCabEX1bMwpkQlIMc3QHozk8Ty4ydb5fzjQ\n3ur80iVGE3i3ZJxGa1X+vX2PRP/FeDleJVbO7T2rnghSXtUuNWPAcGsu6V9lCoGb\nIGL0/pKMVYisfdfwZSKBMUXtGT/9sfm2/sbMt+uEw9hR2mYSDQctsGwco6Nbzx92\nAU+Owhkm4+WKuZyeSZzWehCkSA0vSufp0bFljQTafngfID8hrBYJ7i/W+n1A26I3\nx6kPtYk1BUcdAAABAQDliMsUMhG+hlZ+Hz97aHQH+uIoe/maxUOQnxKxwc6VbEB1\nbCj9+wmIPJInH85pISXveTbnPpa3qGp9XWlZccA58sr3uIydAq75gzmbfatIjGSM\nAvfqbUUPV0bQq86rCisuOLvoJA9/DfulXBqSYtg0TBuDTlmPgc61SsnA0XR0f3si\nHa0BYFtWp3QPHeQBl8Ow8G0pvHoO+GKOoAwYjp5Nops/PZVELJrcqU/+GnluqPZe\nDZu0vMgG3XfnyIVx9uKiJnCMjRz/IWrPrefSOHq7V4WzwRaAan+VM1NqBm6avnvE\ndIOZW5fIaiGTs5hIsfXPVPMm/fKYnn+oJ+saycK7AAABAQD74jV0kZC0mP8Pond3\nVBLROQg5Qx6apDEqHfkjfaaXytJ3rrabXhS+aI9ihkSkB6LUEpVyBvMot4YGIEEt\n712FlgCHL6BjZVZbPaY3TOBnt1TMhlh17pHFxCXQJTBfJoMLG0JCsmwpeFF1rWOS\nkjVjs4FZTZiqr2rB0iFMgF+ailRuzczxFk2EYkOU8b0hRaPJCs0QrLElD39NGTbB\n+JKzOdSaf3zZNnaVew4dx+Y7z/zfmbyI3K2c8T/XvO/E2rL6b64iRxXaiZS5jot5\nmPtYJADdeRZIeYdRv3ZH/64QfLPZAw1Gr+UfysUKJ+/JWOpAS4nBMD9Tq7FeFXij\n+AO/AAABAQDtPv89sIA3MTHMUK4pEzm8mw7G1hDnUnYJ87hiKjSb81oPqiFY5Eya\nPYjYNnm8UF/UJw2UjyW+fo+AJH/CaIKvtLZQk5Zcs/zSolLHtUx2doPrrQU6J/mF\nyjTi3V2KZKloPV3hTIz4ikf8Jp5zUwva8P1C+MGg9UP//hDyJsjM0tDBzwJzfdQ5\nHerLA6cBkzGmuDlR7xTSkWHzwOBPJ76EGssmAbOu+mh2r9Dwxv0xOy5roXsUPxeC\nW/TtyKEJ2dHyGb/n6vrbrov1NOFKD5ZgoZXl0hdVI0nONtmrLrPq/0KMgV4Qs2ET\nHdHUIMaeih9RQOtBBM3cJDjwPEVCwfeDAAAAAAEC\n-----END OPENSSH PRIVATE KEY-----\n",
            "private_key_pem": "-----BEGIN RSA PRIVATE KEY-----\nMIIJKgIBAAKCAgEA6W5naOLNviwTsoywsO/DdukACnOhPwcDtPtP7aRtRfAFjP9T\n/+XZvwBeRL5peHFdmm2J2aD4UGm3hA0omSlWpJINlyDd93rdR02mgr75Dl/Tr6dW\nm3hQd0eD3wxycZQVkggdliyzud5rf+7HgkjUJn8NL5Pl5wZRG1c20hfiDG7vC0ob\nkd6uFia+3Z6AfmUO/yi4EQn+YVFKfgC/inowJ5rKUgy8KbHaBISlaHyVDnd8yaEQ\ng4TQS/IxtuV7wsWr/PQKRKznVTBoLKSn753fnR4QKYF+mnEkqX1PgOJdKkfxl1Ol\n9KOURvgV62lOzwtlCmW9g0/U68DsBvtFkOUFbLUmPxyGLyVkhJS4MraGlzzC87bG\nouuJUPojvm1cbsGiDxYO2ktyrm6CYlTcvYdwFrlfFfxNk/0eKGwnx+TdBbaTDQ5r\nHsAkXlT8skfwuIQAW/UMRzyDXNRUVt4W+JMFLZt8CKZW3BTxRR5N0kra4VuAn9Za\n69A7cbho/quQf4OwRgYHL1jwDweLaT1n0AhmK3sCicMkVwsozdZoOEFi5YP7k5jG\neiCWUrR9EABEHStlEeG2Hg93B/LsJUJ2CBpPlwdhe3jeTweAVgT+bpti+wfyZx3j\ni2yhJ79Lfc/Ocoue2t2spSYfjMN+A1zjQfXZIdYaZoGwtSaYcd+4XUSGM70CAwEA\nAQKCAgAyd60hzw8+U1c63hIBXwT6e2uH1vIAp2qUwVTJgygg28DHeBhYFgCau+Cl\nqikxYgkjrxUDmTq2X/TONu4VFwvlbrJDf1ad/9FBbjdWwyUjh3JD4sDlwgBbmXmY\nSp+fkK2NMfX7ltSQldbWBPDbaRV88TEPnUEyTnpQl+2BRKqZl45U+YO2aNdocJ4J\nWhBbw0uXvNz2yhtWPPYHAfBnZv1sQpoFXT19IjeJjIgaa/zp8Mlo6kqgtKE4GjfH\nXBwCwyvo93YU3PDyyRFsvXiVZKOI24wQ/S87AsUzY6VBry8HSiCgX/RcTNVs9ov+\npnjkaIlC0zZC4oqdIculwsOKjQk7yro4QztQ8ZE9EpB/wM2pHuMDkvczIZsU237h\njWLMF/wx6jrNjL4jnFtRJg7O4kvhYsee8CLoGJdhJpSL12fF8QqLoStyDDhXA/DA\n2lTAmmxF9WzMKZEJSDHN0B6M5PE8uMnW+X840N7q/NIlRhN4t2ScRmtV/r19j0T/\nxXg5XiVWzu09q54IUl7VLjVjwHBrLulfZQqBmyBi9P6SjFWIrH3X8GUigTFF7Rk/\n/bH5tv7GzLfrhMPYUdpmEg0HLbBsHKOjW88fdgFPjsIZJuPlirmcnkmc1noQpEgN\nL0rn6dGxZY0E2n54HyA/IawWCe4v1vp9QNuiN8epD7WJNQVHHQKCAQEA++I1dJGQ\ntJj/D6J3d1QS0TkIOUMemqQxKh35I32ml8rSd662m14UvmiPYoZEpAei1BKVcgbz\nKLeGBiBBLe9dhZYAhy+gY2VWWz2mN0zgZ7dUzIZYde6RxcQl0CUwXyaDCxtCQrJs\nKXhRda1jkpI1Y7OBWU2Yqq9qwdIhTIBfmopUbs3M8RZNhGJDlPG9IUWjyQrNEKyx\nJQ9/TRk2wfiSsznUmn982TZ2lXsOHcfmO8/835m8iNytnPE/17zvxNqy+m+uIkcV\n2omUuY6LeZj7WCQA3XkWSHmHUb92R/+uEHyz2QMNRq/lH8rFCifvyVjqQEuJwTA/\nU6uxXhV4o/gDvwKCAQEA7T7/PbCANzExzFCuKRM5vJsOxtYQ51J2CfO4Yio0m/Na\nD6ohWORMmj2I2DZ5vFBf1CcNlI8lvn6PgCR/wmiCr7S2UJOWXLP80qJSx7VMdnaD\n660FOif5hco04t1dimSpaD1d4UyM+IpH/Caec1ML2vD9QvjBoPVD//4Q8ibIzNLQ\nwc8Cc33UOR3qywOnAZMxprg5Ue8U0pFh88DgTye+hBrLJgGzrvpodq/Q8Mb9MTsu\na6F7FD8Xglv07cihCdnR8hm/5+r6266L9TThSg+WYKGV5dIXVSNJzjbZqy6z6v9C\njIFeELNhEx3R1CDGnoofUUDrQQTN3CQ48DxFQsH3gwKCAQEAyz/eqKBpZwFqF6Ce\nzABgasmdlC9P+7LwJS8ogXX7vtKgAIlPupExJfBTe0ojC0VKI9yXEPsArWNh14Gh\ndsKG8at3454PywTTqS5W+JqlHav21k62BPusTywW4x2PKch2x7iIQC+fTdtTyCRQ\ni85FHJ2Vi40s2tZPy/SWgBe6jYZ/2SVh8Uxw4pk0NXTXi4iZQDnh/UmMa/5UV883\nu0+seMj6gGzNPq1PBRHV8zwB0VPklj2Ev99qjJCzVo+T3oInGCSUG/7GaKDKDO00\nKLvEXXw34n6592NxSQq5FCIBwDYQHdXzmY2H0p6ZXreZKxz/cUBC+UvIXejWZ7fl\nsFIKGwKCAQEAs0Kpe4RUrN9YAEhqABFNy+vhc24mIZNWK1jjVhEL5VYwE6v6PH9s\nPhMGxlALFbYpYlUL1td+rnxUk3+ApXVwYbELHMEXmP5KpyENqWac2tnb/gSi8Xlo\n+aV65nxbBIng0ymjOOwtjFJ359eKXBtA1vLGeocZTzRjaBch2MZjbRhRsk9nS7qk\n029+jF07IF6G4rFKZlVfB2fgelyfYE/ojUrtes9IZItCyYM5PeUtRLix75N5Oygc\n7FvtKoow3A+gqey461TKrZkqmWGWZO54MpWFfLyM8sCSMOWS/NxyB7tOHnpViArx\n647ZkA4f5YT5+twxpdQqdA9Okn8H2lRTXwKCAQEA5YjLFDIRvoZWfh8/e2h0B/ri\nKHv5msVDkJ8SscHOlWxAdWwo/fsJiDySJx/OaSEl73k25z6Wt6hqfV1pWXHAOfLK\n97iMnQKu+YM5m32rSIxkjAL36m1FD1dG0KvOqworLji76CQPfw37pVwakmLYNEwb\ng05Zj4HOtUrJwNF0dH97Ih2tAWBbVqd0Dx3kAZfDsPBtKbx6DvhijqAMGI6eTaKb\nPz2VRCya3KlP/hp5bqj2Xg2btLzIBt1358iFcfbioiZwjI0c/yFqz63n0jh6u1eF\ns8EWgGp/lTNTagZumr57xHSDmVuXyGohk7OYSLH1z1TzJv3ymJ5/qCfrGsnCuw==\n-----END RSA PRIVATE KEY-----\n",
            "private_key_pem_pkcs8": "-----BEGIN PRIVATE KEY-----\nMIIJRAIBADANBgkqhkiG9w0BAQEFAASCCS4wggkqAgEAAoICAQDpbmdo4s2+LBOy\njLCw78N26QAKc6E/BwO0+0/tpG1F8AWM/1P/5dm/AF5Evml4cV2abYnZoPhQabeE\nDSiZKVakkg2XIN33et1HTaaCvvkOX9Ovp1abeFB3R4PfDHJxlBWSCB2WLLO53mt/\n7seCSNQmfw0vk+XnBlEbVzbSF+IMbu8LShuR3q4WJr7dnoB+ZQ7/KLgRCf5hUUp+\nAL+KejAnmspSDLwpsdoEhKVofJUOd3zJoRCDhNBL8jG25XvCxav89ApErOdVMGgs\npKfvnd+dHhApgX6acSSpfU+A4l0qR/GXU6X0o5RG+BXraU7PC2UKZb2DT9TrwOwG\n+0WQ5QVstSY/HIYvJWSElLgytoaXPMLztsai64lQ+iO+bVxuwaIPFg7aS3KuboJi\nVNy9h3AWuV8V/E2T/R4obCfH5N0FtpMNDmsewCReVPyyR/C4hABb9QxHPINc1FRW\n3hb4kwUtm3wIplbcFPFFHk3SStrhW4Cf1lrr0DtxuGj+q5B/g7BGBgcvWPAPB4tp\nPWfQCGYrewKJwyRXCyjN1mg4QWLlg/uTmMZ6IJZStH0QAEQdK2UR4bYeD3cH8uwl\nQnYIGk+XB2F7eN5PB4BWBP5um2L7B/JnHeOLbKEnv0t9z85yi57a3aylJh+Mw34D\nXONB9dkh1hpmgbC1Jphx37hdRIYzvQIDAQABAoICADJ3rSHPDz5TVzreEgFfBPp7\na4fW8gCnapTBVMmDKCDbwMd4GFgWAJq74KWqKTFiCSOvFQOZOrZf9M427hUXC+Vu\nskN/Vp3/0UFuN1bDJSOHckPiwOXCAFuZeZhKn5+QrY0x9fuW1JCV1tYE8NtpFXzx\nMQ+dQTJOelCX7YFEqpmXjlT5g7Zo12hwnglaEFvDS5e83PbKG1Y89gcB8Gdm/WxC\nmgVdPX0iN4mMiBpr/OnwyWjqSqC0oTgaN8dcHALDK+j3dhTc8PLJEWy9eJVko4jb\njBD9LzsCxTNjpUGvLwdKIKBf9FxM1Wz2i/6meORoiULTNkLiip0hy6XCw4qNCTvK\nujhDO1DxkT0SkH/Azake4wOS9zMhmxTbfuGNYswX/DHqOs2MviOcW1EmDs7iS+Fi\nx57wIugYl2EmlIvXZ8XxCouhK3IMOFcD8MDaVMCabEX1bMwpkQlIMc3QHozk8Ty4\nydb5fzjQ3ur80iVGE3i3ZJxGa1X+vX2PRP/FeDleJVbO7T2rnghSXtUuNWPAcGsu\n6V9lCoGbIGL0/pKMVYisfdfwZSKBMUXtGT/9sfm2/sbMt+uEw9hR2mYSDQctsGwc\no6Nbzx92AU+Owhkm4+WKuZyeSZzWehCkSA0vSufp0bFljQTafngfID8hrBYJ7i/W\n+n1A26I3x6kPtYk1BUcdAoIBAQD74jV0kZC0mP8Pond3VBLROQg5Qx6apDEqHfkj\nfaaXytJ3rrabXhS+aI9ihkSkB6LUEpVyBvMot4YGIEEt712FlgCHL6BjZVZbPaY3\nTOBnt1TMhlh17pHFxCXQJTBfJoMLG0JCsmwpeFF1rWOSkjVjs4FZTZiqr2rB0iFM\ngF+ailRuzczxFk2EYkOU8b0hRaPJCs0QrLElD39NGTbB+JKzOdSaf3zZNnaVew4d\nx+Y7z/zfmbyI3K2c8T/XvO/E2rL6b64iRxXaiZS5jot5mPtYJADdeRZIeYdRv3ZH\n/64QfLPZAw1Gr+UfysUKJ+/JWOpAS4nBMD9Tq7FeFXij+AO/AoIBAQDtPv89sIA3\nMTHMUK4pEzm8mw7G1hDnUnYJ87hiKjSb81oPqiFY5EyaPYjYNnm8UF/UJw2UjyW+\nfo+AJH/CaIKvtLZQk5Zcs/zSolLHtUx2doPrrQU6J/mFyjTi3V2KZKloPV3hTIz4\nikf8Jp5zUwva8P1C+MGg9UP//hDyJsjM0tDBzwJzfdQ5HerLA6cBkzGmuDlR7xTS\nkWHzwOBPJ76EGssmAbOu+mh2r9Dwxv0xOy5roXsUPxeCW/TtyKEJ2dHyGb/n6vrb\nrov1NOFKD5ZgoZXl0hdVI0nONtmrLrPq/0KMgV4Qs2ETHdHUIMaeih9RQOtBBM3c\nJDjwPEVCwfeDAoIBAQDLP96ooGlnAWoXoJ7MAGBqyZ2UL0/7svAlLyiBdfu+0qAA\niU+6kTEl8FN7SiMLRUoj3JcQ+wCtY2HXgaF2wobxq3fjng/LBNOpLlb4mqUdq/bW\nTrYE+6xPLBbjHY8pyHbHuIhAL59N21PIJFCLzkUcnZWLjSza1k/L9JaAF7qNhn/Z\nJWHxTHDimTQ1dNeLiJlAOeH9SYxr/lRXzze7T6x4yPqAbM0+rU8FEdXzPAHRU+SW\nPYS/32qMkLNWj5PegicYJJQb/sZooMoM7TQou8RdfDfifrn3Y3FJCrkUIgHANhAd\n1fOZjYfSnplet5krHP9xQEL5S8hd6NZnt+WwUgobAoIBAQCzQql7hFSs31gASGoA\nEU3L6+FzbiYhk1YrWONWEQvlVjATq/o8f2w+EwbGUAsVtiliVQvW136ufFSTf4Cl\ndXBhsQscwReY/kqnIQ2pZpza2dv+BKLxeWj5pXrmfFsEieDTKaM47C2MUnfn14pc\nG0DW8sZ6hxlPNGNoFyHYxmNtGFGyT2dLuqTTb36MXTsgXobisUpmVV8HZ+B6XJ9g\nT+iNSu16z0hki0LJgzk95S1EuLHvk3k7KBzsW+0qijDcD6Cp7LjrVMqtmSqZYZZk\n7ngylYV8vIzywJIw5ZL83HIHu04eelWICvHrjtmQDh/lhPn63DGl1Cp0D06Sfwfa\nVFNfAoIBAQDliMsUMhG+hlZ+Hz97aHQH+uIoe/maxUOQnxKxwc6VbEB1bCj9+wmI\nPJInH85pISXveTbnPpa3qGp9XWlZccA58sr3uIydAq75gzmbfatIjGSMAvfqbUUP\nV0bQq86rCisuOLvoJA9/DfulXBqSYtg0TBuDTlmPgc61SsnA0XR0f3siHa0BYFtW\np3QPHeQBl8Ow8G0pvHoO+GKOoAwYjp5Nops/PZVELJrcqU/+GnluqPZeDZu0vMgG\n3XfnyIVx9uKiJnCMjRz/IWrPrefSOHq7V4WzwRaAan+VM1NqBm6avnvEdIOZW5fI\naiGTs5hIsfXPVPMm/fKYnn+oJ+saycK7\n-----END PRIVATE KEY-----\n",
            "public_key_fingerprint_md5": "2e:d7:0c:ef:ac:f0:78:86:98:9e:91:e7:14:c8:12:d4",
            "public_key_fingerprint_sha256": "SHA256:lZI8w0QIyIY/bz54e83Rh/LpTSccllfUPscxsrZExOc",
            "public_key_openssh": "ssh-rsa AAAAB3NzaC1yc2EAAAADAQABAAACAQDpbmdo4s2+LBOyjLCw78N26QAKc6E/BwO0+0/tpG1F8AWM/1P/5dm/AF5Evml4cV2abYnZoPhQabeEDSiZKVakkg2XIN33et1HTaaCvvkOX9Ovp1abeFB3R4PfDHJxlBWSCB2WLLO53mt/7seCSNQmfw0vk+XnBlEbVzbSF+IMbu8LShuR3q4WJr7dnoB+ZQ7/KLgRCf5hUUp+AL+KejAnmspSDLwpsdoEhKVofJUOd3zJoRCDhNBL8jG25XvCxav89ApErOdVMGgspKfvnd+dHhApgX6acSSpfU+A4l0qR/GXU6X0o5RG+BXraU7PC2UKZb2DT9TrwOwG+0WQ5QVstSY/HIYvJWSElLgytoaXPMLztsai64lQ+iO+bVxuwaIPFg7aS3KuboJiVNy9h3AWuV8V/E2T/R4obCfH5N0FtpMNDmsewCReVPyyR/C4hABb9QxHPINc1FRW3hb4kwUtm3wIplbcFPFFHk3SStrhW4Cf1lrr0DtxuGj+q5B/g7BGBgcvWPAPB4tpPWfQCGYrewKJwyRXCyjN1mg4QWLlg/uTmMZ6IJZStH0QAEQdK2UR4bYeD3cH8uwlQnYIGk+XB2F7eN5PB4BWBP5um2L7B/JnHeOLbKEnv0t9z85yi57a3aylJh+Mw34DXONB9dkh1hpmgbC1Jphx37hdRIYzvQ==\n",
            "public_key_pem": "-----BEGIN PUBLIC KEY-----\nMIICIjANBgkqhkiG9w0BAQEFAAOCAg8AMIICCgKCAgEA6W5naOLNviwTsoywsO/D\ndukACnOhPwcDtPtP7aRtRfAFjP9T/+XZvwBeRL5peHFdmm2J2aD4UGm3hA0omSlW\npJINlyDd93rdR02mgr75Dl/Tr6dWm3hQd0eD3wxycZQVkggdliyzud5rf+7HgkjU\nJn8NL5Pl5wZRG1c20hfiDG7vC0obkd6uFia+3Z6AfmUO/yi4EQn+YVFKfgC/inow\nJ5rKUgy8KbHaBISlaHyVDnd8yaEQg4TQS/IxtuV7wsWr/PQKRKznVTBoLKSn753f\nnR4QKYF+mnEkqX1PgOJdKkfxl1Ol9KOURvgV62lOzwtlCmW9g0/U68DsBvtFkOUF\nbLUmPxyGLyVkhJS4MraGlzzC87bGouuJUPojvm1cbsGiDxYO2ktyrm6CYlTcvYdw\nFrlfFfxNk/0eKGwnx+TdBbaTDQ5rHsAkXlT8skfwuIQAW/UMRzyDXNRUVt4W+JMF\nLZt8CKZW3BTxRR5N0kra4VuAn9Za69A7cbho/quQf4OwRgYHL1jwDweLaT1n0Ahm\nK3sCicMkVwsozdZoOEFi5YP7k5jGeiCWUrR9EABEHStlEeG2Hg93B/LsJUJ2CBpP\nlwdhe3jeTweAVgT+bpti+wfyZx3ji2yhJ79Lfc/Ocoue2t2spSYfjMN+A1zjQfXZ\nIdYaZoGwtSaYcd+4XUSGM70CAwEAAQ==\n-----END PUBLIC KEY-----\n",
            "rsa_bits": 4096
          },
          "sensitive_attributes": [
            [
              {
                "type": "get_attr",
                "value": "private_key_openssh"
              }
            ],
            [
              {
                "type": "get_attr",
                "value": "private_key_pem"
              }
            ],
            [
              {
                "type": "get_attr",
                "value": "private_key_pem_pkcs8"
              }
            ]
          ],
          "identity_schema_version": 0
        }
      ]
    }
  ],
  "check_results": null
}
